// !$*UTF8*$!
{
	archiveVersion = 1;
	classes = {
	};
	objectVersion = 55;
	objects = {

/* Begin PBXBuildFile section */
		9AC747CF2867DDFB001C91F8 /* TakePhotos.swift in Sources */ = {isa = PBXBuildFile; fileRef = 9AC747CE2867DDFB001C91F8 /* TakePhotos.swift */; };
		9AE804392865246B006493A9 /* MainPageView.swift in Sources */ = {isa = PBXBuildFile; fileRef = 9AE804382865246B006493A9 /* MainPageView.swift */; };
		9AE8043D2867724D006493A9 /* TesterPickerView.swift in Sources */ = {isa = PBXBuildFile; fileRef = 9AE8043C2867724D006493A9 /* TesterPickerView.swift */; };
		9B417C652864759B00DABC05 /* CardModel.swift in Sources */ = {isa = PBXBuildFile; fileRef = 9B417C642864759B00DABC05 /* CardModel.swift */; };
		9B86CBE228680B1700449BB4 /* CustomPopUp.swift in Sources */ = {isa = PBXBuildFile; fileRef = 9B86CBE128680B1700449BB4 /* CustomPopUp.swift */; };
		9B86CBE42868179200449BB4 /* SheetManager.swift in Sources */ = {isa = PBXBuildFile; fileRef = 9B86CBE32868179200449BB4 /* SheetManager.swift */; };
		9B86CBE628684CD300449BB4 /* UpdateSkinView.swift in Sources */ = {isa = PBXBuildFile; fileRef = 9B86CBE528684CD300449BB4 /* UpdateSkinView.swift */; };
		9B86CBE92868A9C600449BB4 /* PopUpModel.swift in Sources */ = {isa = PBXBuildFile; fileRef = 9B86CBE82868A9C600449BB4 /* PopUpModel.swift */; };
		9B96423D286577C400662591 /* SnapCarousel.swift in Sources */ = {isa = PBXBuildFile; fileRef = 9B96423C286577C400662591 /* SnapCarousel.swift */; };
		9B96423F28657A3800662591 /* SnapView.swift in Sources */ = {isa = PBXBuildFile; fileRef = 9B96423E28657A3800662591 /* SnapView.swift */; };
		9B96424128657AB400662591 /* Card.swift in Sources */ = {isa = PBXBuildFile; fileRef = 9B96424028657AB400662591 /* Card.swift */; };
		9BB3780C28634BA0007A3640 /* ACNIFYApp.swift in Sources */ = {isa = PBXBuildFile; fileRef = 9BB3780B28634BA0007A3640 /* ACNIFYApp.swift */; };
		9BB3780E28634BA0007A3640 /* onBoardingView.swift in Sources */ = {isa = PBXBuildFile; fileRef = 9BB3780D28634BA0007A3640 /* onBoardingView.swift */; };
		9BB3781028634BA2007A3640 /* Assets.xcassets in Resources */ = {isa = PBXBuildFile; fileRef = 9BB3780F28634BA2007A3640 /* Assets.xcassets */; };
		9BB3781328634BA2007A3640 /* Preview Assets.xcassets in Resources */ = {isa = PBXBuildFile; fileRef = 9BB3781228634BA2007A3640 /* Preview Assets.xcassets */; };
		9BB3781D28634BA2007A3640 /* ACNIFYTests.swift in Sources */ = {isa = PBXBuildFile; fileRef = 9BB3781C28634BA2007A3640 /* ACNIFYTests.swift */; };
		9BB3782728634BA2007A3640 /* ACNIFYUITests.swift in Sources */ = {isa = PBXBuildFile; fileRef = 9BB3782628634BA2007A3640 /* ACNIFYUITests.swift */; };
		9BB3782928634BA2007A3640 /* ACNIFYUITestsLaunchTests.swift in Sources */ = {isa = PBXBuildFile; fileRef = 9BB3782828634BA2007A3640 /* ACNIFYUITestsLaunchTests.swift */; };
		9BB4B4FD2866E2240069E86E /* SkinTypeView.swift in Sources */ = {isa = PBXBuildFile; fileRef = 9BB4B4FC2866E2240069E86E /* SkinTypeView.swift */; };
		9BB4B4FF2866F3470069E86E /* SkinResultView.swift in Sources */ = {isa = PBXBuildFile; fileRef = 9BB4B4FE2866F3470069E86E /* SkinResultView.swift */; };
/* End PBXBuildFile section */

/* Begin PBXContainerItemProxy section */
		9BB3781928634BA2007A3640 /* PBXContainerItemProxy */ = {
			isa = PBXContainerItemProxy;
			containerPortal = 9BB3780028634BA0007A3640 /* Project object */;
			proxyType = 1;
			remoteGlobalIDString = 9BB3780728634BA0007A3640;
			remoteInfo = ACNIFY;
		};
		9BB3782328634BA2007A3640 /* PBXContainerItemProxy */ = {
			isa = PBXContainerItemProxy;
			containerPortal = 9BB3780028634BA0007A3640 /* Project object */;
			proxyType = 1;
			remoteGlobalIDString = 9BB3780728634BA0007A3640;
			remoteInfo = ACNIFY;
		};
/* End PBXContainerItemProxy section */

/* Begin PBXFileReference section */
		9AC747CE2867DDFB001C91F8 /* TakePhotos.swift */ = {isa = PBXFileReference; lastKnownFileType = sourcecode.swift; path = TakePhotos.swift; sourceTree = "<group>"; };
		9AE804382865246B006493A9 /* MainPageView.swift */ = {isa = PBXFileReference; lastKnownFileType = sourcecode.swift; path = MainPageView.swift; sourceTree = "<group>"; };
		9AE8043C2867724D006493A9 /* TesterPickerView.swift */ = {isa = PBXFileReference; lastKnownFileType = sourcecode.swift; path = TesterPickerView.swift; sourceTree = "<group>"; };
		9B417C642864759B00DABC05 /* CardModel.swift */ = {isa = PBXFileReference; lastKnownFileType = sourcecode.swift; path = CardModel.swift; sourceTree = "<group>"; };
		9B86CBE128680B1700449BB4 /* CustomPopUp.swift */ = {isa = PBXFileReference; lastKnownFileType = sourcecode.swift; path = CustomPopUp.swift; sourceTree = "<group>"; };
		9B86CBE32868179200449BB4 /* SheetManager.swift */ = {isa = PBXFileReference; lastKnownFileType = sourcecode.swift; path = SheetManager.swift; sourceTree = "<group>"; };
		9B86CBE528684CD300449BB4 /* UpdateSkinView.swift */ = {isa = PBXFileReference; lastKnownFileType = sourcecode.swift; path = UpdateSkinView.swift; sourceTree = "<group>"; };
		9B86CBE72868826700449BB4 /* Info.plist */ = {isa = PBXFileReference; lastKnownFileType = text.plist; path = Info.plist; sourceTree = "<group>"; };
		9B86CBE82868A9C600449BB4 /* PopUpModel.swift */ = {isa = PBXFileReference; lastKnownFileType = sourcecode.swift; path = PopUpModel.swift; sourceTree = "<group>"; };
		9B96423C286577C400662591 /* SnapCarousel.swift */ = {isa = PBXFileReference; lastKnownFileType = sourcecode.swift; path = SnapCarousel.swift; sourceTree = "<group>"; };
		9B96423E28657A3800662591 /* SnapView.swift */ = {isa = PBXFileReference; lastKnownFileType = sourcecode.swift; path = SnapView.swift; sourceTree = "<group>"; };
		9B96424028657AB400662591 /* Card.swift */ = {isa = PBXFileReference; lastKnownFileType = sourcecode.swift; path = Card.swift; sourceTree = "<group>"; };
		9BB3780828634BA0007A3640 /* ACNIFY.app */ = {isa = PBXFileReference; explicitFileType = wrapper.application; includeInIndex = 0; path = ACNIFY.app; sourceTree = BUILT_PRODUCTS_DIR; };
		9BB3780B28634BA0007A3640 /* ACNIFYApp.swift */ = {isa = PBXFileReference; lastKnownFileType = sourcecode.swift; path = ACNIFYApp.swift; sourceTree = "<group>"; };
		9BB3780D28634BA0007A3640 /* onBoardingView.swift */ = {isa = PBXFileReference; lastKnownFileType = sourcecode.swift; path = onBoardingView.swift; sourceTree = "<group>"; };
		9BB3780F28634BA2007A3640 /* Assets.xcassets */ = {isa = PBXFileReference; lastKnownFileType = folder.assetcatalog; path = Assets.xcassets; sourceTree = "<group>"; };
		9BB3781228634BA2007A3640 /* Preview Assets.xcassets */ = {isa = PBXFileReference; lastKnownFileType = folder.assetcatalog; path = "Preview Assets.xcassets"; sourceTree = "<group>"; };
		9BB3781828634BA2007A3640 /* ACNIFYTests.xctest */ = {isa = PBXFileReference; explicitFileType = wrapper.cfbundle; includeInIndex = 0; path = ACNIFYTests.xctest; sourceTree = BUILT_PRODUCTS_DIR; };
		9BB3781C28634BA2007A3640 /* ACNIFYTests.swift */ = {isa = PBXFileReference; lastKnownFileType = sourcecode.swift; path = ACNIFYTests.swift; sourceTree = "<group>"; };
		9BB3782228634BA2007A3640 /* ACNIFYUITests.xctest */ = {isa = PBXFileReference; explicitFileType = wrapper.cfbundle; includeInIndex = 0; path = ACNIFYUITests.xctest; sourceTree = BUILT_PRODUCTS_DIR; };
		9BB3782628634BA2007A3640 /* ACNIFYUITests.swift */ = {isa = PBXFileReference; lastKnownFileType = sourcecode.swift; path = ACNIFYUITests.swift; sourceTree = "<group>"; };
		9BB3782828634BA2007A3640 /* ACNIFYUITestsLaunchTests.swift */ = {isa = PBXFileReference; lastKnownFileType = sourcecode.swift; path = ACNIFYUITestsLaunchTests.swift; sourceTree = "<group>"; };
		9BB4B4FC2866E2240069E86E /* SkinTypeView.swift */ = {isa = PBXFileReference; lastKnownFileType = sourcecode.swift; path = SkinTypeView.swift; sourceTree = "<group>"; };
		9BB4B4FE2866F3470069E86E /* SkinResultView.swift */ = {isa = PBXFileReference; lastKnownFileType = sourcecode.swift; path = SkinResultView.swift; sourceTree = "<group>"; };
/* End PBXFileReference section */

/* Begin PBXFrameworksBuildPhase section */
		9BB3780528634BA0007A3640 /* Frameworks */ = {
			isa = PBXFrameworksBuildPhase;
			buildActionMask = 2147483647;
			files = (
			);
			runOnlyForDeploymentPostprocessing = 0;
		};
		9BB3781528634BA2007A3640 /* Frameworks */ = {
			isa = PBXFrameworksBuildPhase;
			buildActionMask = 2147483647;
			files = (
			);
			runOnlyForDeploymentPostprocessing = 0;
		};
		9BB3781F28634BA2007A3640 /* Frameworks */ = {
			isa = PBXFrameworksBuildPhase;
			buildActionMask = 2147483647;
			files = (
			);
			runOnlyForDeploymentPostprocessing = 0;
		};
/* End PBXFrameworksBuildPhase section */

/* Begin PBXGroup section */
		9B417C612864755600DABC05 /* Model */ = {
			isa = PBXGroup;
			children = (
				9B86CBE32868179200449BB4 /* SheetManager.swift */,
				9B86CBE82868A9C600449BB4 /* PopUpModel.swift */,
			);
			path = Model;
			sourceTree = "<group>";
		};
		9B417C622864756900DABC05 /* View */ = {
			isa = PBXGroup;
			children = (
				9BB4B4FC2866E2240069E86E /* SkinTypeView.swift */,
				9B86CBE528684CD300449BB4 /* UpdateSkinView.swift */,
				9B86CBE128680B1700449BB4 /* CustomPopUp.swift */,
				9BB4B4FE2866F3470069E86E /* SkinResultView.swift */,
			);
			path = View;
			sourceTree = "<group>";
		};
		9BB377FF28634BA0007A3640 = {
			isa = PBXGroup;
			children = (
				9BB4B5002866FA710069E86E /* TRASH */,
				9B417C622864756900DABC05 /* View */,
				9B417C612864755600DABC05 /* Model */,
				9BB3780A28634BA0007A3640 /* ACNIFY */,
				9BB3781B28634BA2007A3640 /* ACNIFYTests */,
				9BB3782528634BA2007A3640 /* ACNIFYUITests */,
				9BB3780928634BA0007A3640 /* Products */,
			);
			sourceTree = "<group>";
		};
		9BB3780928634BA0007A3640 /* Products */ = {
			isa = PBXGroup;
			children = (
				9BB3780828634BA0007A3640 /* ACNIFY.app */,
				9BB3781828634BA2007A3640 /* ACNIFYTests.xctest */,
				9BB3782228634BA2007A3640 /* ACNIFYUITests.xctest */,
			);
			name = Products;
			sourceTree = "<group>";
		};
		9BB3780A28634BA0007A3640 /* ACNIFY */ = {
			isa = PBXGroup;
			children = (
				9B86CBE72868826700449BB4 /* Info.plist */,
				9BB3780B28634BA0007A3640 /* ACNIFYApp.swift */,
				9BB3780D28634BA0007A3640 /* onBoardingView.swift */,
				9AE804382865246B006493A9 /* MainPageView.swift */,
				9AE8043C2867724D006493A9 /* TesterPickerView.swift */,
				9AC747CE2867DDFB001C91F8 /* TakePhotos.swift */,
				9BB3780F28634BA2007A3640 /* Assets.xcassets */,
				9BB3781128634BA2007A3640 /* Preview Content */,
			);
			path = ACNIFY;
			sourceTree = "<group>";
		};
		9BB3781128634BA2007A3640 /* Preview Content */ = {
			isa = PBXGroup;
			children = (
				9BB3781228634BA2007A3640 /* Preview Assets.xcassets */,
			);
			path = "Preview Content";
			sourceTree = "<group>";
		};
		9BB3781B28634BA2007A3640 /* ACNIFYTests */ = {
			isa = PBXGroup;
			children = (
				9BB3781C28634BA2007A3640 /* ACNIFYTests.swift */,
			);
			path = ACNIFYTests;
			sourceTree = "<group>";
		};
		9BB3782528634BA2007A3640 /* ACNIFYUITests */ = {
			isa = PBXGroup;
			children = (
				9BB3782628634BA2007A3640 /* ACNIFYUITests.swift */,
				9BB3782828634BA2007A3640 /* ACNIFYUITestsLaunchTests.swift */,
			);
			path = ACNIFYUITests;
			sourceTree = "<group>";
		};
		9BB4B5002866FA710069E86E /* TRASH */ = {
			isa = PBXGroup;
			children = (
				9B96423C286577C400662591 /* SnapCarousel.swift */,
				9B96423E28657A3800662591 /* SnapView.swift */,
				9B96424028657AB400662591 /* Card.swift */,
				9B417C642864759B00DABC05 /* CardModel.swift */,
			);
			path = TRASH;
			sourceTree = "<group>";
		};
/* End PBXGroup section */

/* Begin PBXNativeTarget section */
		9BB3780728634BA0007A3640 /* ACNIFY */ = {
			isa = PBXNativeTarget;
			buildConfigurationList = 9BB3782C28634BA2007A3640 /* Build configuration list for PBXNativeTarget "ACNIFY" */;
			buildPhases = (
				9BB3780428634BA0007A3640 /* Sources */,
				9BB3780528634BA0007A3640 /* Frameworks */,
				9BB3780628634BA0007A3640 /* Resources */,
			);
			buildRules = (
			);
			dependencies = (
			);
			name = ACNIFY;
			productName = ACNIFY;
			productReference = 9BB3780828634BA0007A3640 /* ACNIFY.app */;
			productType = "com.apple.product-type.application";
		};
		9BB3781728634BA2007A3640 /* ACNIFYTests */ = {
			isa = PBXNativeTarget;
			buildConfigurationList = 9BB3782F28634BA2007A3640 /* Build configuration list for PBXNativeTarget "ACNIFYTests" */;
			buildPhases = (
				9BB3781428634BA2007A3640 /* Sources */,
				9BB3781528634BA2007A3640 /* Frameworks */,
				9BB3781628634BA2007A3640 /* Resources */,
			);
			buildRules = (
			);
			dependencies = (
				9BB3781A28634BA2007A3640 /* PBXTargetDependency */,
			);
			name = ACNIFYTests;
			productName = ACNIFYTests;
			productReference = 9BB3781828634BA2007A3640 /* ACNIFYTests.xctest */;
			productType = "com.apple.product-type.bundle.unit-test";
		};
		9BB3782128634BA2007A3640 /* ACNIFYUITests */ = {
			isa = PBXNativeTarget;
			buildConfigurationList = 9BB3783228634BA2007A3640 /* Build configuration list for PBXNativeTarget "ACNIFYUITests" */;
			buildPhases = (
				9BB3781E28634BA2007A3640 /* Sources */,
				9BB3781F28634BA2007A3640 /* Frameworks */,
				9BB3782028634BA2007A3640 /* Resources */,
			);
			buildRules = (
			);
			dependencies = (
				9BB3782428634BA2007A3640 /* PBXTargetDependency */,
			);
			name = ACNIFYUITests;
			productName = ACNIFYUITests;
			productReference = 9BB3782228634BA2007A3640 /* ACNIFYUITests.xctest */;
			productType = "com.apple.product-type.bundle.ui-testing";
		};
/* End PBXNativeTarget section */

/* Begin PBXProject section */
		9BB3780028634BA0007A3640 /* Project object */ = {
			isa = PBXProject;
			attributes = {
				BuildIndependentTargetsInParallel = 1;
				LastSwiftUpdateCheck = 1340;
				LastUpgradeCheck = 1340;
				TargetAttributes = {
					9BB3780728634BA0007A3640 = {
						CreatedOnToolsVersion = 13.4.1;
					};
					9BB3781728634BA2007A3640 = {
						CreatedOnToolsVersion = 13.4.1;
						TestTargetID = 9BB3780728634BA0007A3640;
					};
					9BB3782128634BA2007A3640 = {
						CreatedOnToolsVersion = 13.4.1;
						TestTargetID = 9BB3780728634BA0007A3640;
					};
				};
			};
			buildConfigurationList = 9BB3780328634BA0007A3640 /* Build configuration list for PBXProject "ACNIFY" */;
			compatibilityVersion = "Xcode 13.0";
			developmentRegion = en;
			hasScannedForEncodings = 0;
			knownRegions = (
				en,
				Base,
			);
			mainGroup = 9BB377FF28634BA0007A3640;
			productRefGroup = 9BB3780928634BA0007A3640 /* Products */;
			projectDirPath = "";
			projectRoot = "";
			targets = (
				9BB3780728634BA0007A3640 /* ACNIFY */,
				9BB3781728634BA2007A3640 /* ACNIFYTests */,
				9BB3782128634BA2007A3640 /* ACNIFYUITests */,
			);
		};
/* End PBXProject section */

/* Begin PBXResourcesBuildPhase section */
		9BB3780628634BA0007A3640 /* Resources */ = {
			isa = PBXResourcesBuildPhase;
			buildActionMask = 2147483647;
			files = (
				9BB3781328634BA2007A3640 /* Preview Assets.xcassets in Resources */,
				9BB3781028634BA2007A3640 /* Assets.xcassets in Resources */,
			);
			runOnlyForDeploymentPostprocessing = 0;
		};
		9BB3781628634BA2007A3640 /* Resources */ = {
			isa = PBXResourcesBuildPhase;
			buildActionMask = 2147483647;
			files = (
			);
			runOnlyForDeploymentPostprocessing = 0;
		};
		9BB3782028634BA2007A3640 /* Resources */ = {
			isa = PBXResourcesBuildPhase;
			buildActionMask = 2147483647;
			files = (
			);
			runOnlyForDeploymentPostprocessing = 0;
		};
/* End PBXResourcesBuildPhase section */

/* Begin PBXSourcesBuildPhase section */
		9BB3780428634BA0007A3640 /* Sources */ = {
			isa = PBXSourcesBuildPhase;
			buildActionMask = 2147483647;
			files = (
				9BB3780E28634BA0007A3640 /* onBoardingView.swift in Sources */,
				9B86CBE42868179200449BB4 /* SheetManager.swift in Sources */,
				9B86CBE92868A9C600449BB4 /* PopUpModel.swift in Sources */,
				9B96423F28657A3800662591 /* SnapView.swift in Sources */,
				9BB4B4FF2866F3470069E86E /* SkinResultView.swift in Sources */,
				9B86CBE628684CD300449BB4 /* UpdateSkinView.swift in Sources */,
				9BB3780C28634BA0007A3640 /* ACNIFYApp.swift in Sources */,
				9BB4B4FD2866E2240069E86E /* SkinTypeView.swift in Sources */,
				9B96423D286577C400662591 /* SnapCarousel.swift in Sources */,
				9B417C652864759B00DABC05 /* CardModel.swift in Sources */,
				9B86CBE228680B1700449BB4 /* CustomPopUp.swift in Sources */,
				9B96424128657AB400662591 /* Card.swift in Sources */,
				9AE804392865246B006493A9 /* MainPageView.swift in Sources */,
				9AC747CF2867DDFB001C91F8 /* TakePhotos.swift in Sources */,
				9AE8043D2867724D006493A9 /* TesterPickerView.swift in Sources */,
			);
			runOnlyForDeploymentPostprocessing = 0;
		};
		9BB3781428634BA2007A3640 /* Sources */ = {
			isa = PBXSourcesBuildPhase;
			buildActionMask = 2147483647;
			files = (
				9BB3781D28634BA2007A3640 /* ACNIFYTests.swift in Sources */,
			);
			runOnlyForDeploymentPostprocessing = 0;
		};
		9BB3781E28634BA2007A3640 /* Sources */ = {
			isa = PBXSourcesBuildPhase;
			buildActionMask = 2147483647;
			files = (
				9BB3782928634BA2007A3640 /* ACNIFYUITestsLaunchTests.swift in Sources */,
				9BB3782728634BA2007A3640 /* ACNIFYUITests.swift in Sources */,
			);
			runOnlyForDeploymentPostprocessing = 0;
		};
/* End PBXSourcesBuildPhase section */

/* Begin PBXTargetDependency section */
		9BB3781A28634BA2007A3640 /* PBXTargetDependency */ = {
			isa = PBXTargetDependency;
			target = 9BB3780728634BA0007A3640 /* ACNIFY */;
			targetProxy = 9BB3781928634BA2007A3640 /* PBXContainerItemProxy */;
		};
		9BB3782428634BA2007A3640 /* PBXTargetDependency */ = {
			isa = PBXTargetDependency;
			target = 9BB3780728634BA0007A3640 /* ACNIFY */;
			targetProxy = 9BB3782328634BA2007A3640 /* PBXContainerItemProxy */;
		};
/* End PBXTargetDependency section */

/* Begin XCBuildConfiguration section */
		9BB3782A28634BA2007A3640 /* Debug */ = {
			isa = XCBuildConfiguration;
			buildSettings = {
				ALWAYS_SEARCH_USER_PATHS = NO;
				CLANG_ANALYZER_NONNULL = YES;
				CLANG_ANALYZER_NUMBER_OBJECT_CONVERSION = YES_AGGRESSIVE;
				CLANG_CXX_LANGUAGE_STANDARD = "gnu++17";
				CLANG_ENABLE_MODULES = YES;
				CLANG_ENABLE_OBJC_ARC = YES;
				CLANG_ENABLE_OBJC_WEAK = YES;
				CLANG_WARN_BLOCK_CAPTURE_AUTORELEASING = YES;
				CLANG_WARN_BOOL_CONVERSION = YES;
				CLANG_WARN_COMMA = YES;
				CLANG_WARN_CONSTANT_CONVERSION = YES;
				CLANG_WARN_DEPRECATED_OBJC_IMPLEMENTATIONS = YES;
				CLANG_WARN_DIRECT_OBJC_ISA_USAGE = YES_ERROR;
				CLANG_WARN_DOCUMENTATION_COMMENTS = YES;
				CLANG_WARN_EMPTY_BODY = YES;
				CLANG_WARN_ENUM_CONVERSION = YES;
				CLANG_WARN_INFINITE_RECURSION = YES;
				CLANG_WARN_INT_CONVERSION = YES;
				CLANG_WARN_NON_LITERAL_NULL_CONVERSION = YES;
				CLANG_WARN_OBJC_IMPLICIT_RETAIN_SELF = YES;
				CLANG_WARN_OBJC_LITERAL_CONVERSION = YES;
				CLANG_WARN_OBJC_ROOT_CLASS = YES_ERROR;
				CLANG_WARN_QUOTED_INCLUDE_IN_FRAMEWORK_HEADER = YES;
				CLANG_WARN_RANGE_LOOP_ANALYSIS = YES;
				CLANG_WARN_STRICT_PROTOTYPES = YES;
				CLANG_WARN_SUSPICIOUS_MOVE = YES;
				CLANG_WARN_UNGUARDED_AVAILABILITY = YES_AGGRESSIVE;
				CLANG_WARN_UNREACHABLE_CODE = YES;
				CLANG_WARN__DUPLICATE_METHOD_MATCH = YES;
				COPY_PHASE_STRIP = NO;
				DEBUG_INFORMATION_FORMAT = dwarf;
				ENABLE_STRICT_OBJC_MSGSEND = YES;
				ENABLE_TESTABILITY = YES;
				GCC_C_LANGUAGE_STANDARD = gnu11;
				GCC_DYNAMIC_NO_PIC = NO;
				GCC_NO_COMMON_BLOCKS = YES;
				GCC_OPTIMIZATION_LEVEL = 0;
				GCC_PREPROCESSOR_DEFINITIONS = (
					"DEBUG=1",
					"$(inherited)",
				);
				GCC_WARN_64_TO_32_BIT_CONVERSION = YES;
				GCC_WARN_ABOUT_RETURN_TYPE = YES_ERROR;
				GCC_WARN_UNDECLARED_SELECTOR = YES;
				GCC_WARN_UNINITIALIZED_AUTOS = YES_AGGRESSIVE;
				GCC_WARN_UNUSED_FUNCTION = YES;
				GCC_WARN_UNUSED_VARIABLE = YES;
				IPHONEOS_DEPLOYMENT_TARGET = 15.5;
				MTL_ENABLE_DEBUG_INFO = INCLUDE_SOURCE;
				MTL_FAST_MATH = YES;
				ONLY_ACTIVE_ARCH = YES;
				SDKROOT = iphoneos;
				SWIFT_ACTIVE_COMPILATION_CONDITIONS = DEBUG;
				SWIFT_OPTIMIZATION_LEVEL = "-Onone";
			};
			name = Debug;
		};
		9BB3782B28634BA2007A3640 /* Release */ = {
			isa = XCBuildConfiguration;
			buildSettings = {
				ALWAYS_SEARCH_USER_PATHS = NO;
				CLANG_ANALYZER_NONNULL = YES;
				CLANG_ANALYZER_NUMBER_OBJECT_CONVERSION = YES_AGGRESSIVE;
				CLANG_CXX_LANGUAGE_STANDARD = "gnu++17";
				CLANG_ENABLE_MODULES = YES;
				CLANG_ENABLE_OBJC_ARC = YES;
				CLANG_ENABLE_OBJC_WEAK = YES;
				CLANG_WARN_BLOCK_CAPTURE_AUTORELEASING = YES;
				CLANG_WARN_BOOL_CONVERSION = YES;
				CLANG_WARN_COMMA = YES;
				CLANG_WARN_CONSTANT_CONVERSION = YES;
				CLANG_WARN_DEPRECATED_OBJC_IMPLEMENTATIONS = YES;
				CLANG_WARN_DIRECT_OBJC_ISA_USAGE = YES_ERROR;
				CLANG_WARN_DOCUMENTATION_COMMENTS = YES;
				CLANG_WARN_EMPTY_BODY = YES;
				CLANG_WARN_ENUM_CONVERSION = YES;
				CLANG_WARN_INFINITE_RECURSION = YES;
				CLANG_WARN_INT_CONVERSION = YES;
				CLANG_WARN_NON_LITERAL_NULL_CONVERSION = YES;
				CLANG_WARN_OBJC_IMPLICIT_RETAIN_SELF = YES;
				CLANG_WARN_OBJC_LITERAL_CONVERSION = YES;
				CLANG_WARN_OBJC_ROOT_CLASS = YES_ERROR;
				CLANG_WARN_QUOTED_INCLUDE_IN_FRAMEWORK_HEADER = YES;
				CLANG_WARN_RANGE_LOOP_ANALYSIS = YES;
				CLANG_WARN_STRICT_PROTOTYPES = YES;
				CLANG_WARN_SUSPICIOUS_MOVE = YES;
				CLANG_WARN_UNGUARDED_AVAILABILITY = YES_AGGRESSIVE;
				CLANG_WARN_UNREACHABLE_CODE = YES;
				CLANG_WARN__DUPLICATE_METHOD_MATCH = YES;
				COPY_PHASE_STRIP = NO;
				DEBUG_INFORMATION_FORMAT = "dwarf-with-dsym";
				ENABLE_NS_ASSERTIONS = NO;
				ENABLE_STRICT_OBJC_MSGSEND = YES;
				GCC_C_LANGUAGE_STANDARD = gnu11;
				GCC_NO_COMMON_BLOCKS = YES;
				GCC_WARN_64_TO_32_BIT_CONVERSION = YES;
				GCC_WARN_ABOUT_RETURN_TYPE = YES_ERROR;
				GCC_WARN_UNDECLARED_SELECTOR = YES;
				GCC_WARN_UNINITIALIZED_AUTOS = YES_AGGRESSIVE;
				GCC_WARN_UNUSED_FUNCTION = YES;
				GCC_WARN_UNUSED_VARIABLE = YES;
				IPHONEOS_DEPLOYMENT_TARGET = 15.5;
				MTL_ENABLE_DEBUG_INFO = NO;
				MTL_FAST_MATH = YES;
				SDKROOT = iphoneos;
				SWIFT_COMPILATION_MODE = wholemodule;
				SWIFT_OPTIMIZATION_LEVEL = "-O";
				VALIDATE_PRODUCT = YES;
			};
			name = Release;
		};
		9BB3782D28634BA2007A3640 /* Debug */ = {
			isa = XCBuildConfiguration;
			buildSettings = {
				ASSETCATALOG_COMPILER_APPICON_NAME = AppIcon;
				ASSETCATALOG_COMPILER_GLOBAL_ACCENT_COLOR_NAME = AccentColor;
				CODE_SIGN_STYLE = Automatic;
				CURRENT_PROJECT_VERSION = 1;
				DEVELOPMENT_ASSET_PATHS = "\"ACNIFY/Preview Content\"";
				DEVELOPMENT_TEAM = DZ5KY3PP54;
				ENABLE_PREVIEWS = YES;
				GENERATE_INFOPLIST_FILE = YES;
				INFOPLIST_FILE = ACNIFY/Info.plist;
				INFOPLIST_KEY_NSCameraUsageDescription = "";
				INFOPLIST_KEY_NSPhotoLibraryUsageDescription = "";
				INFOPLIST_KEY_UIApplicationSceneManifest_Generation = YES;
				INFOPLIST_KEY_UIApplicationSupportsIndirectInputEvents = YES;
				INFOPLIST_KEY_UILaunchScreen_Generation = YES;
				INFOPLIST_KEY_UISupportedInterfaceOrientations_iPad = "UIInterfaceOrientationPortrait UIInterfaceOrientationPortraitUpsideDown UIInterfaceOrientationLandscapeLeft UIInterfaceOrientationLandscapeRight";
				INFOPLIST_KEY_UISupportedInterfaceOrientations_iPhone = "UIInterfaceOrientationPortrait UIInterfaceOrientationLandscapeLeft UIInterfaceOrientationLandscapeRight";
				LD_RUNPATH_SEARCH_PATHS = (
					"$(inherited)",
					"@executable_path/Frameworks",
				);
				MARKETING_VERSION = 1.0;
				PRODUCT_BUNDLE_IDENTIFIER = "-.ACNIFY";
				PRODUCT_NAME = "$(TARGET_NAME)";
				SWIFT_EMIT_LOC_STRINGS = YES;
				SWIFT_VERSION = 5.0;
				TARGETED_DEVICE_FAMILY = "1,2";
			};
			name = Debug;
		};
		9BB3782E28634BA2007A3640 /* Release */ = {
			isa = XCBuildConfiguration;
			buildSettings = {
				ASSETCATALOG_COMPILER_APPICON_NAME = AppIcon;
				ASSETCATALOG_COMPILER_GLOBAL_ACCENT_COLOR_NAME = AccentColor;
				CODE_SIGN_STYLE = Automatic;
				CURRENT_PROJECT_VERSION = 1;
				DEVELOPMENT_ASSET_PATHS = "\"ACNIFY/Preview Content\"";
				DEVELOPMENT_TEAM = DZ5KY3PP54;
				ENABLE_PREVIEWS = YES;
				GENERATE_INFOPLIST_FILE = YES;
				INFOPLIST_FILE = ACNIFY/Info.plist;
				INFOPLIST_KEY_NSCameraUsageDescription = "";
				INFOPLIST_KEY_NSPhotoLibraryUsageDescription = "";
				INFOPLIST_KEY_UIApplicationSceneManifest_Generation = YES;
				INFOPLIST_KEY_UIApplicationSupportsIndirectInputEvents = YES;
				INFOPLIST_KEY_UILaunchScreen_Generation = YES;
				INFOPLIST_KEY_UISupportedInterfaceOrientations_iPad = "UIInterfaceOrientationPortrait UIInterfaceOrientationPortraitUpsideDown UIInterfaceOrientationLandscapeLeft UIInterfaceOrientationLandscapeRight";
				INFOPLIST_KEY_UISupportedInterfaceOrientations_iPhone = "UIInterfaceOrientationPortrait UIInterfaceOrientationLandscapeLeft UIInterfaceOrientationLandscapeRight";
				LD_RUNPATH_SEARCH_PATHS = (
					"$(inherited)",
					"@executable_path/Frameworks",
				);
				MARKETING_VERSION = 1.0;
				PRODUCT_BUNDLE_IDENTIFIER = "-.ACNIFY";
				PRODUCT_NAME = "$(TARGET_NAME)";
				SWIFT_EMIT_LOC_STRINGS = YES;
				SWIFT_VERSION = 5.0;
				TARGETED_DEVICE_FAMILY = "1,2";
			};
			name = Release;
		};
		9BB3783028634BA2007A3640 /* Debug */ = {
			isa = XCBuildConfiguration;
			buildSettings = {
				ALWAYS_EMBED_SWIFT_STANDARD_LIBRARIES = YES;
				BUNDLE_LOADER = "$(TEST_HOST)";
				CODE_SIGN_STYLE = Automatic;
				CURRENT_PROJECT_VERSION = 1;
				DEVELOPMENT_TEAM = DZ5KY3PP54;
				GENERATE_INFOPLIST_FILE = YES;
				IPHONEOS_DEPLOYMENT_TARGET = 15.5;
				MARKETING_VERSION = 1.0;
				PRODUCT_BUNDLE_IDENTIFIER = "-.ACNIFYTests";
				PRODUCT_NAME = "$(TARGET_NAME)";
				SWIFT_EMIT_LOC_STRINGS = NO;
				SWIFT_VERSION = 5.0;
				TARGETED_DEVICE_FAMILY = "1,2";
				TEST_HOST = "$(BUILT_PRODUCTS_DIR)/ACNIFY.app/ACNIFY";
			};
			name = Debug;
		};
		9BB3783128634BA2007A3640 /* Release */ = {
			isa = XCBuildConfiguration;
			buildSettings = {
				ALWAYS_EMBED_SWIFT_STANDARD_LIBRARIES = YES;
				BUNDLE_LOADER = "$(TEST_HOST)";
				CODE_SIGN_STYLE = Automatic;
				CURRENT_PROJECT_VERSION = 1;
				DEVELOPMENT_TEAM = DZ5KY3PP54;
				GENERATE_INFOPLIST_FILE = YES;
				IPHONEOS_DEPLOYMENT_TARGET = 15.5;
				MARKETING_VERSION = 1.0;
				PRODUCT_BUNDLE_IDENTIFIER = "-.ACNIFYTests";
				PRODUCT_NAME = "$(TARGET_NAME)";
				SWIFT_EMIT_LOC_STRINGS = NO;
				SWIFT_VERSION = 5.0;
				TARGETED_DEVICE_FAMILY = "1,2";
				TEST_HOST = "$(BUILT_PRODUCTS_DIR)/ACNIFY.app/ACNIFY";
			};
			name = Release;
		};
		9BB3783328634BA2007A3640 /* Debug */ = {
			isa = XCBuildConfiguration;
			buildSettings = {
				ALWAYS_EMBED_SWIFT_STANDARD_LIBRARIES = YES;
				CODE_SIGN_STYLE = Automatic;
				CURRENT_PROJECT_VERSION = 1;
				DEVELOPMENT_TEAM = DZ5KY3PP54;
				GENERATE_INFOPLIST_FILE = YES;
				MARKETING_VERSION = 1.0;
				PRODUCT_BUNDLE_IDENTIFIER = "-.ACNIFYUITests";
				PRODUCT_NAME = "$(TARGET_NAME)";
				SWIFT_EMIT_LOC_STRINGS = NO;
				SWIFT_VERSION = 5.0;
				TARGETED_DEVICE_FAMILY = "1,2";
				TEST_TARGET_NAME = ACNIFY;
			};
			name = Debug;
		};
		9BB3783428634BA2007A3640 /* Release */ = {
			isa = XCBuildConfiguration;
			buildSettings = {
				ALWAYS_EMBED_SWIFT_STANDARD_LIBRARIES = YES;
				CODE_SIGN_STYLE = Automatic;
				CURRENT_PROJECT_VERSION = 1;
				DEVELOPMENT_TEAM = DZ5KY3PP54;
				GENERATE_INFOPLIST_FILE = YES;
				MARKETING_VERSION = 1.0;
				PRODUCT_BUNDLE_IDENTIFIER = "-.ACNIFYUITests";
				PRODUCT_NAME = "$(TARGET_NAME)";
				SWIFT_EMIT_LOC_STRINGS = NO;
				SWIFT_VERSION = 5.0;
				TARGETED_DEVICE_FAMILY = "1,2";
				TEST_TARGET_NAME = ACNIFY;
			};
			name = Release;
		};
/* End XCBuildConfiguration section */

/* Begin XCConfigurationList section */
		9BB3780328634BA0007A3640 /* Build configuration list for PBXProject "ACNIFY" */ = {
			isa = XCConfigurationList;
			buildConfigurations = (
				9BB3782A28634BA2007A3640 /* Debug */,
				9BB3782B28634BA2007A3640 /* Release */,
			);
			defaultConfigurationIsVisible = 0;
			defaultConfigurationName = Release;
		};
		9BB3782C28634BA2007A3640 /* Build configuration list for PBXNativeTarget "ACNIFY" */ = {
			isa = XCConfigurationList;
			buildConfigurations = (
				9BB3782D28634BA2007A3640 /* Debug */,
				9BB3782E28634BA2007A3640 /* Release */,
			);
			defaultConfigurationIsVisible = 0;
			defaultConfigurationName = Release;
		};
		9BB3782F28634BA2007A3640 /* Build configuration list for PBXNativeTarget "ACNIFYTests" */ = {
			isa = XCConfigurationList;
			buildConfigurations = (
				9BB3783028634BA2007A3640 /* Debug */,
				9BB3783128634BA2007A3640 /* Release */,
			);
			defaultConfigurationIsVisible = 0;
			defaultConfigurationName = Release;
		};
		9BB3783228634BA2007A3640 /* Build configuration list for PBXNativeTarget "ACNIFYUITests" */ = {
			isa = XCConfigurationList;
			buildConfigurations = (
				9BB3783328634BA2007A3640 /* Debug */,
				9BB3783428634BA2007A3640 /* Release */,
			);
			defaultConfigurationIsVisible = 0;
			defaultConfigurationName = Release;
		};
/* End XCConfigurationList section */
	};
	rootObject = 9BB3780028634BA0007A3640 /* Project object */;
}
