// !$*UTF8*$!
{
	archiveVersion = 1;
	classes = {
	};
	objectVersion = 55;
	objects = {

/* Begin PBXBuildFile section */
		9A747F34286C92A700683171 /* LocationManager.swift in Sources */ = {isa = PBXBuildFile; fileRef = 9A747F33286C92A700683171 /* LocationManager.swift */; };
		9A747F3A286C92D300683171 /* PhotoPreviewView.swift in Sources */ = {isa = PBXBuildFile; fileRef = 9A747F39286C92D300683171 /* PhotoPreviewView.swift */; };
		9A747F3E286C92EA00683171 /* PopUpNightView.swift in Sources */ = {isa = PBXBuildFile; fileRef = 9A747F3D286C92EA00683171 /* PopUpNightView.swift */; };
		9A747F42286C92FD00683171 /* HistorySheetView.swift in Sources */ = {isa = PBXBuildFile; fileRef = 9A747F41286C92FD00683171 /* HistorySheetView.swift */; };
		9A747F44286C930700683171 /* HistoryView.swift in Sources */ = {isa = PBXBuildFile; fileRef = 9A747F43286C930700683171 /* HistoryView.swift */; };
		9A747F49286C933500683171 /* CoreDataNadia.xcdatamodeld in Sources */ = {isa = PBXBuildFile; fileRef = 9A747F47286C933500683171 /* CoreDataNadia.xcdatamodeld */; };
		9AC747CF2867DDFB001C91F8 /* TakePhotosView.swift in Sources */ = {isa = PBXBuildFile; fileRef = 9AC747CE2867DDFB001C91F8 /* TakePhotosView.swift */; };
		9AE804392865246B006493A9 /* MainPageView.swift in Sources */ = {isa = PBXBuildFile; fileRef = 9AE804382865246B006493A9 /* MainPageView.swift */; };
		9AE8043D2867724D006493A9 /* TesterPickerView.swift in Sources */ = {isa = PBXBuildFile; fileRef = 9AE8043C2867724D006493A9 /* TesterPickerView.swift */; };
		9AF3DC372869C4A3007847E7 /* QuizAcneView.swift in Sources */ = {isa = PBXBuildFile; fileRef = 9AF3DC362869C4A3007847E7 /* QuizAcneView.swift */; };
		9AF3DC392869C4E5007847E7 /* SkinCardView.swift in Sources */ = {isa = PBXBuildFile; fileRef = 9AF3DC382869C4E4007847E7 /* SkinCardView.swift */; };
		9AF3DC3B2869C4EC007847E7 /* AcneCardView.swift in Sources */ = {isa = PBXBuildFile; fileRef = 9AF3DC3A2869C4EC007847E7 /* AcneCardView.swift */; };
		9AF3DC412869C53F007847E7 /* MorningProductView.swift in Sources */ = {isa = PBXBuildFile; fileRef = 9AF3DC402869C53F007847E7 /* MorningProductView.swift */; };
		9AF3DC442869C563007847E7 /* NightProductsView.swift in Sources */ = {isa = PBXBuildFile; fileRef = 9AF3DC432869C563007847E7 /* NightProductsView.swift */; };
		9AF3DC462869C56D007847E7 /* LocalNotifManager.swift in Sources */ = {isa = PBXBuildFile; fileRef = 9AF3DC452869C56D007847E7 /* LocalNotifManager.swift */; };
		9AF3DC482869C576007847E7 /* PopUpMorningView.swift in Sources */ = {isa = PBXBuildFile; fileRef = 9AF3DC472869C576007847E7 /* PopUpMorningView.swift */; };
		9AF3DC4A2869C588007847E7 /* LocalNotifManager2.swift in Sources */ = {isa = PBXBuildFile; fileRef = 9AF3DC492869C588007847E7 /* LocalNotifManager2.swift */; };
		9B33ADE228ABC31300751F4A /* PhotoAndUpdateView.swift in Sources */ = {isa = PBXBuildFile; fileRef = 9B33ADE128ABC31300751F4A /* PhotoAndUpdateView.swift */; };
		9B4590B128AB6BDD0083B405 /* HomePageView.swift in Sources */ = {isa = PBXBuildFile; fileRef = 9B4590B028AB6BDD0083B405 /* HomePageView.swift */; };
		9B86CBE228680B1700449BB4 /* CustomPopUp.swift in Sources */ = {isa = PBXBuildFile; fileRef = 9B86CBE128680B1700449BB4 /* CustomPopUp.swift */; };
		9B86CBE92868A9C600449BB4 /* PopUpModel.swift in Sources */ = {isa = PBXBuildFile; fileRef = 9B86CBE82868A9C600449BB4 /* PopUpModel.swift */; };
		9BB3780C28634BA0007A3640 /* ACNIFYApp.swift in Sources */ = {isa = PBXBuildFile; fileRef = 9BB3780B28634BA0007A3640 /* ACNIFYApp.swift */; };
		9BB3780E28634BA0007A3640 /* OnBoardingView.swift in Sources */ = {isa = PBXBuildFile; fileRef = 9BB3780D28634BA0007A3640 /* OnBoardingView.swift */; };
		9BB3781028634BA2007A3640 /* Assets.xcassets in Resources */ = {isa = PBXBuildFile; fileRef = 9BB3780F28634BA2007A3640 /* Assets.xcassets */; };
		9BB3781328634BA2007A3640 /* Preview Assets.xcassets in Resources */ = {isa = PBXBuildFile; fileRef = 9BB3781228634BA2007A3640 /* Preview Assets.xcassets */; };
		9BB3781D28634BA2007A3640 /* ACNIFYTests.swift in Sources */ = {isa = PBXBuildFile; fileRef = 9BB3781C28634BA2007A3640 /* ACNIFYTests.swift */; };
		9BB3782728634BA2007A3640 /* ACNIFYUITests.swift in Sources */ = {isa = PBXBuildFile; fileRef = 9BB3782628634BA2007A3640 /* ACNIFYUITests.swift */; };
		9BB3782928634BA2007A3640 /* ACNIFYUITestsLaunchTests.swift in Sources */ = {isa = PBXBuildFile; fileRef = 9BB3782828634BA2007A3640 /* ACNIFYUITestsLaunchTests.swift */; };
		9BB4B4FD2866E2240069E86E /* QuizSkinView.swift in Sources */ = {isa = PBXBuildFile; fileRef = 9BB4B4FC2866E2240069E86E /* QuizSkinView.swift */; };
		9BB4B4FF2866F3470069E86E /* SkinResultView.swift in Sources */ = {isa = PBXBuildFile; fileRef = 9BB4B4FE2866F3470069E86E /* SkinResultView.swift */; };
		CB19349128A3A0F5000DF7CE /* HomeViewModel.swift in Sources */ = {isa = PBXBuildFile; fileRef = CB19349028A3A0F5000DF7CE /* HomeViewModel.swift */; };
		CB19349428A3A1B0000DF7CE /* UserDefaultRepository.swift in Sources */ = {isa = PBXBuildFile; fileRef = CB19349328A3A1B0000DF7CE /* UserDefaultRepository.swift */; };
		CB19349728A3CA1D000DF7CE /* QuizResultViewModel.swift in Sources */ = {isa = PBXBuildFile; fileRef = CB19349628A3CA1D000DF7CE /* QuizResultViewModel.swift */; };
		CB1934A928A54629000DF7CE /* AcneLogLocalDataStore.swift in Sources */ = {isa = PBXBuildFile; fileRef = CB1934A828A54629000DF7CE /* AcneLogLocalDataStore.swift */; };
		CB1934AD28A5528D000DF7CE /* UserProductLocalDataStore.swift in Sources */ = {isa = PBXBuildFile; fileRef = CB1934AC28A5528D000DF7CE /* UserProductLocalDataStore.swift */; };
		CB21589428A8AC0A006F2EB7 /* DailyCheckListViewModel.swift in Sources */ = {isa = PBXBuildFile; fileRef = CB21589328A8AC0A006F2EB7 /* DailyCheckListViewModel.swift */; };
		CB33870128AA0E7E006B839B /* TreatmentPhotoViewModel.swift in Sources */ = {isa = PBXBuildFile; fileRef = CB33870028AA0E7E006B839B /* TreatmentPhotoViewModel.swift */; };
		CB33870528AA1C11006B839B /* AcneLogProductLocalDataSource.swift in Sources */ = {isa = PBXBuildFile; fileRef = CB33870428AA1C11006B839B /* AcneLogProductLocalDataSource.swift */; };
		CB33870728AA1C4E006B839B /* AcneLogProductDefaultLocalDataSource.swift in Sources */ = {isa = PBXBuildFile; fileRef = CB33870628AA1C4E006B839B /* AcneLogProductDefaultLocalDataSource.swift */; };
		CB3D367628A274C800D9D637 /* SkinPersonaRepository.swift in Sources */ = {isa = PBXBuildFile; fileRef = CB3D367528A274C800D9D637 /* SkinPersonaRepository.swift */; };
		CB3D367A28A2767C00D9D637 /* UserLocalDataStore.swift in Sources */ = {isa = PBXBuildFile; fileRef = CB3D367928A2767C00D9D637 /* UserLocalDataStore.swift */; };
		CB3D367C28A2769200D9D637 /* UserDefaultLocalDataStore.swift in Sources */ = {isa = PBXBuildFile; fileRef = CB3D367B28A2769200D9D637 /* UserDefaultLocalDataStore.swift */; };
		CB3D368028A278C200D9D637 /* AuthLocalDataStore.swift in Sources */ = {isa = PBXBuildFile; fileRef = CB3D367F28A278C200D9D637 /* AuthLocalDataStore.swift */; };
		CB3D368228A278D600D9D637 /* AuthDefaultLocalDataStore.swift in Sources */ = {isa = PBXBuildFile; fileRef = CB3D368128A278D600D9D637 /* AuthDefaultLocalDataStore.swift */; };
		CB3D368628A27BE700D9D637 /* UserRepository.swift in Sources */ = {isa = PBXBuildFile; fileRef = CB3D368528A27BE700D9D637 /* UserRepository.swift */; };
		CB3D368828A27C4C00D9D637 /* AuthenticationRepository.swift in Sources */ = {isa = PBXBuildFile; fileRef = CB3D368728A27C4C00D9D637 /* AuthenticationRepository.swift */; };
		CB3D368A28A27C5D00D9D637 /* AuthenticationDefaultRepository.swift in Sources */ = {isa = PBXBuildFile; fileRef = CB3D368928A27C5D00D9D637 /* AuthenticationDefaultRepository.swift */; };
		CB3D368D28A2839900D9D637 /* SkinPersonaLocalDataStore.swift in Sources */ = {isa = PBXBuildFile; fileRef = CB3D368C28A2839900D9D637 /* SkinPersonaLocalDataStore.swift */; };
		CB3D368F28A284A700D9D637 /* SkinPersonaDefaultLocalDataSource.swift in Sources */ = {isa = PBXBuildFile; fileRef = CB3D368E28A284A700D9D637 /* SkinPersonaDefaultLocalDataSource.swift */; };
		CB3D369128A2881900D9D637 /* SkinPersonaDeafultRepository.swift in Sources */ = {isa = PBXBuildFile; fileRef = CB3D369028A2881900D9D637 /* SkinPersonaDeafultRepository.swift */; };
		CB3DFE8B28981A48002EF675 /* PersistanceController.swift in Sources */ = {isa = PBXBuildFile; fileRef = CB3DFE8A28981A48002EF675 /* PersistanceController.swift */; };
		CB46B6BF28A64430008A74A1 /* AcneLogDefaultLocalDatastore.swift in Sources */ = {isa = PBXBuildFile; fileRef = CB46B6BE28A64430008A74A1 /* AcneLogDefaultLocalDatastore.swift */; };
		CB4F383128A7B32E00D91F0B /* UserProductDefaultLocalDataStore.swift in Sources */ = {isa = PBXBuildFile; fileRef = CB4F383028A7B32E00D91F0B /* UserProductDefaultLocalDataStore.swift */; };
		CB4F383328A7BA0500D91F0B /* AcneLogRepository.swift in Sources */ = {isa = PBXBuildFile; fileRef = CB4F383228A7BA0500D91F0B /* AcneLogRepository.swift */; };
		CB4F383728A7BCCA00D91F0B /* AcneLogDefaultRepository.swift in Sources */ = {isa = PBXBuildFile; fileRef = CB4F383628A7BCCA00D91F0B /* AcneLogDefaultRepository.swift */; };
		CB4F383928A7C09100D91F0B /* UserProductRepository.swift in Sources */ = {isa = PBXBuildFile; fileRef = CB4F383828A7C09100D91F0B /* UserProductRepository.swift */; };
		CB4F383B28A7C31800D91F0B /* UserProductDefaultRepository.swift in Sources */ = {isa = PBXBuildFile; fileRef = CB4F383A28A7C31800D91F0B /* UserProductDefaultRepository.swift */; };
		CB4FF13B28991535008D78AC /* OnboardingViewModel.swift in Sources */ = {isa = PBXBuildFile; fileRef = CB4FF13A28991535008D78AC /* OnboardingViewModel.swift */; };
		CB4FF13D28991607008D78AC /* OnboardingItemView.swift in Sources */ = {isa = PBXBuildFile; fileRef = CB4FF13C28991607008D78AC /* OnboardingItemView.swift */; };
		CB4FF14128991983008D78AC /* String+ToMarkdown.swift in Sources */ = {isa = PBXBuildFile; fileRef = CB4FF14028991983008D78AC /* String+ToMarkdown.swift */; };
		CB4FF14428992168008D78AC /* LoginView.swift in Sources */ = {isa = PBXBuildFile; fileRef = CB4FF14328992168008D78AC /* LoginView.swift */; };
		CB4FF14728992762008D78AC /* BottomButtonView.swift in Sources */ = {isa = PBXBuildFile; fileRef = CB4FF14628992762008D78AC /* BottomButtonView.swift */; };
		CB4FF14B28992C27008D78AC /* LoginViewModel.swift in Sources */ = {isa = PBXBuildFile; fileRef = CB4FF14A28992C27008D78AC /* LoginViewModel.swift */; };
		CB8146BB289FED4F007FC63A /* QuizMainView.swift in Sources */ = {isa = PBXBuildFile; fileRef = CB8146BA289FED4F007FC63A /* QuizMainView.swift */; };
		CB8146BD289FEE4C007FC63A /* QuizViewModel.swift in Sources */ = {isa = PBXBuildFile; fileRef = CB8146BC289FEE4C007FC63A /* QuizViewModel.swift */; };
		CB98FB6B2899539600CDF771 /* CloudKit.framework in Frameworks */ = {isa = PBXBuildFile; fileRef = CB98FB6A2899539600CDF771 /* CloudKit.framework */; };
		CBBFE872289FC8250064ADF5 /* AcneCareDB.xcdatamodeld in Sources */ = {isa = PBXBuildFile; fileRef = CBBFE870289FC8250064ADF5 /* AcneCareDB.xcdatamodeld */; };
		CBBFE877289FD5430064ADF5 /* QuizCardView.swift in Sources */ = {isa = PBXBuildFile; fileRef = CBBFE876289FD5430064ADF5 /* QuizCardView.swift */; };
/* End PBXBuildFile section */

/* Begin PBXContainerItemProxy section */
		9BB3781928634BA2007A3640 /* PBXContainerItemProxy */ = {
			isa = PBXContainerItemProxy;
			containerPortal = 9BB3780028634BA0007A3640 /* Project object */;
			proxyType = 1;
			remoteGlobalIDString = 9BB3780728634BA0007A3640;
			remoteInfo = ACNIFY;
		};
		9BB3782328634BA2007A3640 /* PBXContainerItemProxy */ = {
			isa = PBXContainerItemProxy;
			containerPortal = 9BB3780028634BA0007A3640 /* Project object */;
			proxyType = 1;
			remoteGlobalIDString = 9BB3780728634BA0007A3640;
			remoteInfo = ACNIFY;
		};
/* End PBXContainerItemProxy section */

/* Begin PBXFileReference section */
		9A747F33286C92A700683171 /* LocationManager.swift */ = {isa = PBXFileReference; lastKnownFileType = sourcecode.swift; path = LocationManager.swift; sourceTree = "<group>"; };
		9A747F39286C92D300683171 /* PhotoPreviewView.swift */ = {isa = PBXFileReference; lastKnownFileType = sourcecode.swift; path = PhotoPreviewView.swift; sourceTree = "<group>"; };
		9A747F3D286C92EA00683171 /* PopUpNightView.swift */ = {isa = PBXFileReference; lastKnownFileType = sourcecode.swift; path = PopUpNightView.swift; sourceTree = "<group>"; };
		9A747F41286C92FD00683171 /* HistorySheetView.swift */ = {isa = PBXFileReference; lastKnownFileType = sourcecode.swift; path = HistorySheetView.swift; sourceTree = "<group>"; };
		9A747F43286C930700683171 /* HistoryView.swift */ = {isa = PBXFileReference; lastKnownFileType = sourcecode.swift; path = HistoryView.swift; sourceTree = "<group>"; };
		9A747F48286C933500683171 /* CoreDataNadia.xcdatamodel */ = {isa = PBXFileReference; lastKnownFileType = wrapper.xcdatamodel; path = CoreDataNadia.xcdatamodel; sourceTree = "<group>"; };
		9AC747CE2867DDFB001C91F8 /* TakePhotosView.swift */ = {isa = PBXFileReference; lastKnownFileType = sourcecode.swift; path = TakePhotosView.swift; sourceTree = "<group>"; };
		9AE804382865246B006493A9 /* MainPageView.swift */ = {isa = PBXFileReference; lastKnownFileType = sourcecode.swift; path = MainPageView.swift; sourceTree = "<group>"; };
		9AE8043C2867724D006493A9 /* TesterPickerView.swift */ = {isa = PBXFileReference; lastKnownFileType = sourcecode.swift; path = TesterPickerView.swift; sourceTree = "<group>"; };
		9AF3DC362869C4A3007847E7 /* QuizAcneView.swift */ = {isa = PBXFileReference; lastKnownFileType = sourcecode.swift; path = QuizAcneView.swift; sourceTree = "<group>"; };
		9AF3DC382869C4E4007847E7 /* SkinCardView.swift */ = {isa = PBXFileReference; lastKnownFileType = sourcecode.swift; path = SkinCardView.swift; sourceTree = "<group>"; };
		9AF3DC3A2869C4EC007847E7 /* AcneCardView.swift */ = {isa = PBXFileReference; lastKnownFileType = sourcecode.swift; path = AcneCardView.swift; sourceTree = "<group>"; };
		9AF3DC402869C53F007847E7 /* MorningProductView.swift */ = {isa = PBXFileReference; lastKnownFileType = sourcecode.swift; path = MorningProductView.swift; sourceTree = "<group>"; };
		9AF3DC432869C563007847E7 /* NightProductsView.swift */ = {isa = PBXFileReference; lastKnownFileType = sourcecode.swift; path = NightProductsView.swift; sourceTree = "<group>"; };
		9AF3DC452869C56D007847E7 /* LocalNotifManager.swift */ = {isa = PBXFileReference; lastKnownFileType = sourcecode.swift; path = LocalNotifManager.swift; sourceTree = "<group>"; };
		9AF3DC472869C576007847E7 /* PopUpMorningView.swift */ = {isa = PBXFileReference; lastKnownFileType = sourcecode.swift; path = PopUpMorningView.swift; sourceTree = "<group>"; };
		9AF3DC492869C588007847E7 /* LocalNotifManager2.swift */ = {isa = PBXFileReference; lastKnownFileType = sourcecode.swift; path = LocalNotifManager2.swift; sourceTree = "<group>"; };
		9B33ADE128ABC31300751F4A /* PhotoAndUpdateView.swift */ = {isa = PBXFileReference; lastKnownFileType = sourcecode.swift; path = PhotoAndUpdateView.swift; sourceTree = "<group>"; };
		9B4590B028AB6BDD0083B405 /* HomePageView.swift */ = {isa = PBXFileReference; lastKnownFileType = sourcecode.swift; path = HomePageView.swift; sourceTree = "<group>"; };
		9B86CBE128680B1700449BB4 /* CustomPopUp.swift */ = {isa = PBXFileReference; lastKnownFileType = sourcecode.swift; path = CustomPopUp.swift; sourceTree = "<group>"; };
		9B86CBE72868826700449BB4 /* Info.plist */ = {isa = PBXFileReference; lastKnownFileType = text.plist; path = Info.plist; sourceTree = "<group>"; };
		9B86CBE82868A9C600449BB4 /* PopUpModel.swift */ = {isa = PBXFileReference; lastKnownFileType = sourcecode.swift; path = PopUpModel.swift; sourceTree = "<group>"; };
		9BB3780828634BA0007A3640 /* ACNIFY.app */ = {isa = PBXFileReference; explicitFileType = wrapper.application; includeInIndex = 0; path = ACNIFY.app; sourceTree = BUILT_PRODUCTS_DIR; };
		9BB3780B28634BA0007A3640 /* ACNIFYApp.swift */ = {isa = PBXFileReference; lastKnownFileType = sourcecode.swift; path = ACNIFYApp.swift; sourceTree = "<group>"; };
		9BB3780D28634BA0007A3640 /* OnBoardingView.swift */ = {isa = PBXFileReference; lastKnownFileType = sourcecode.swift; path = OnBoardingView.swift; sourceTree = "<group>"; };
		9BB3780F28634BA2007A3640 /* Assets.xcassets */ = {isa = PBXFileReference; lastKnownFileType = folder.assetcatalog; path = Assets.xcassets; sourceTree = "<group>"; };
		9BB3781228634BA2007A3640 /* Preview Assets.xcassets */ = {isa = PBXFileReference; lastKnownFileType = folder.assetcatalog; path = "Preview Assets.xcassets"; sourceTree = "<group>"; };
		9BB3781828634BA2007A3640 /* ACNIFYTests.xctest */ = {isa = PBXFileReference; explicitFileType = wrapper.cfbundle; includeInIndex = 0; path = ACNIFYTests.xctest; sourceTree = BUILT_PRODUCTS_DIR; };
		9BB3781C28634BA2007A3640 /* ACNIFYTests.swift */ = {isa = PBXFileReference; lastKnownFileType = sourcecode.swift; path = ACNIFYTests.swift; sourceTree = "<group>"; };
		9BB3782228634BA2007A3640 /* ACNIFYUITests.xctest */ = {isa = PBXFileReference; explicitFileType = wrapper.cfbundle; includeInIndex = 0; path = ACNIFYUITests.xctest; sourceTree = BUILT_PRODUCTS_DIR; };
		9BB3782628634BA2007A3640 /* ACNIFYUITests.swift */ = {isa = PBXFileReference; lastKnownFileType = sourcecode.swift; path = ACNIFYUITests.swift; sourceTree = "<group>"; };
		9BB3782828634BA2007A3640 /* ACNIFYUITestsLaunchTests.swift */ = {isa = PBXFileReference; lastKnownFileType = sourcecode.swift; path = ACNIFYUITestsLaunchTests.swift; sourceTree = "<group>"; };
		9BB4B4FC2866E2240069E86E /* QuizSkinView.swift */ = {isa = PBXFileReference; lastKnownFileType = sourcecode.swift; path = QuizSkinView.swift; sourceTree = "<group>"; };
		9BB4B4FE2866F3470069E86E /* SkinResultView.swift */ = {isa = PBXFileReference; lastKnownFileType = sourcecode.swift; path = SkinResultView.swift; sourceTree = "<group>"; };
		CB19349028A3A0F5000DF7CE /* HomeViewModel.swift */ = {isa = PBXFileReference; lastKnownFileType = sourcecode.swift; path = HomeViewModel.swift; sourceTree = "<group>"; };
		CB19349328A3A1B0000DF7CE /* UserDefaultRepository.swift */ = {isa = PBXFileReference; lastKnownFileType = sourcecode.swift; path = UserDefaultRepository.swift; sourceTree = "<group>"; };
		CB19349628A3CA1D000DF7CE /* QuizResultViewModel.swift */ = {isa = PBXFileReference; lastKnownFileType = sourcecode.swift; path = QuizResultViewModel.swift; sourceTree = "<group>"; };
		CB1934A828A54629000DF7CE /* AcneLogLocalDataStore.swift */ = {isa = PBXFileReference; lastKnownFileType = sourcecode.swift; path = AcneLogLocalDataStore.swift; sourceTree = "<group>"; };
		CB1934AC28A5528D000DF7CE /* UserProductLocalDataStore.swift */ = {isa = PBXFileReference; lastKnownFileType = sourcecode.swift; path = UserProductLocalDataStore.swift; sourceTree = "<group>"; };
		CB21589328A8AC0A006F2EB7 /* DailyCheckListViewModel.swift */ = {isa = PBXFileReference; lastKnownFileType = sourcecode.swift; path = DailyCheckListViewModel.swift; sourceTree = "<group>"; };
		CB33870028AA0E7E006B839B /* TreatmentPhotoViewModel.swift */ = {isa = PBXFileReference; lastKnownFileType = sourcecode.swift; path = TreatmentPhotoViewModel.swift; sourceTree = "<group>"; };
		CB33870428AA1C11006B839B /* AcneLogProductLocalDataSource.swift */ = {isa = PBXFileReference; lastKnownFileType = sourcecode.swift; path = AcneLogProductLocalDataSource.swift; sourceTree = "<group>"; };
		CB33870628AA1C4E006B839B /* AcneLogProductDefaultLocalDataSource.swift */ = {isa = PBXFileReference; lastKnownFileType = sourcecode.swift; path = AcneLogProductDefaultLocalDataSource.swift; sourceTree = "<group>"; };
		CB3D367528A274C800D9D637 /* SkinPersonaRepository.swift */ = {isa = PBXFileReference; lastKnownFileType = sourcecode.swift; path = SkinPersonaRepository.swift; sourceTree = "<group>"; };
		CB3D367928A2767C00D9D637 /* UserLocalDataStore.swift */ = {isa = PBXFileReference; lastKnownFileType = sourcecode.swift; path = UserLocalDataStore.swift; sourceTree = "<group>"; };
		CB3D367B28A2769200D9D637 /* UserDefaultLocalDataStore.swift */ = {isa = PBXFileReference; lastKnownFileType = sourcecode.swift; path = UserDefaultLocalDataStore.swift; sourceTree = "<group>"; };
		CB3D367F28A278C200D9D637 /* AuthLocalDataStore.swift */ = {isa = PBXFileReference; lastKnownFileType = sourcecode.swift; path = AuthLocalDataStore.swift; sourceTree = "<group>"; };
		CB3D368128A278D600D9D637 /* AuthDefaultLocalDataStore.swift */ = {isa = PBXFileReference; lastKnownFileType = sourcecode.swift; path = AuthDefaultLocalDataStore.swift; sourceTree = "<group>"; };
		CB3D368528A27BE700D9D637 /* UserRepository.swift */ = {isa = PBXFileReference; lastKnownFileType = sourcecode.swift; path = UserRepository.swift; sourceTree = "<group>"; };
		CB3D368728A27C4C00D9D637 /* AuthenticationRepository.swift */ = {isa = PBXFileReference; lastKnownFileType = sourcecode.swift; path = AuthenticationRepository.swift; sourceTree = "<group>"; };
		CB3D368928A27C5D00D9D637 /* AuthenticationDefaultRepository.swift */ = {isa = PBXFileReference; lastKnownFileType = sourcecode.swift; path = AuthenticationDefaultRepository.swift; sourceTree = "<group>"; };
		CB3D368C28A2839900D9D637 /* SkinPersonaLocalDataStore.swift */ = {isa = PBXFileReference; lastKnownFileType = sourcecode.swift; path = SkinPersonaLocalDataStore.swift; sourceTree = "<group>"; };
		CB3D368E28A284A700D9D637 /* SkinPersonaDefaultLocalDataSource.swift */ = {isa = PBXFileReference; lastKnownFileType = sourcecode.swift; path = SkinPersonaDefaultLocalDataSource.swift; sourceTree = "<group>"; };
		CB3D369028A2881900D9D637 /* SkinPersonaDeafultRepository.swift */ = {isa = PBXFileReference; lastKnownFileType = sourcecode.swift; path = SkinPersonaDeafultRepository.swift; sourceTree = "<group>"; };
		CB3DFE8A28981A48002EF675 /* PersistanceController.swift */ = {isa = PBXFileReference; lastKnownFileType = sourcecode.swift; path = PersistanceController.swift; sourceTree = "<group>"; };
		CB46B6BE28A64430008A74A1 /* AcneLogDefaultLocalDatastore.swift */ = {isa = PBXFileReference; lastKnownFileType = sourcecode.swift; path = AcneLogDefaultLocalDatastore.swift; sourceTree = "<group>"; };
		CB4F383028A7B32E00D91F0B /* UserProductDefaultLocalDataStore.swift */ = {isa = PBXFileReference; lastKnownFileType = sourcecode.swift; path = UserProductDefaultLocalDataStore.swift; sourceTree = "<group>"; };
		CB4F383228A7BA0500D91F0B /* AcneLogRepository.swift */ = {isa = PBXFileReference; lastKnownFileType = sourcecode.swift; path = AcneLogRepository.swift; sourceTree = "<group>"; };
		CB4F383628A7BCCA00D91F0B /* AcneLogDefaultRepository.swift */ = {isa = PBXFileReference; lastKnownFileType = sourcecode.swift; path = AcneLogDefaultRepository.swift; sourceTree = "<group>"; };
		CB4F383828A7C09100D91F0B /* UserProductRepository.swift */ = {isa = PBXFileReference; lastKnownFileType = sourcecode.swift; path = UserProductRepository.swift; sourceTree = "<group>"; };
		CB4F383A28A7C31800D91F0B /* UserProductDefaultRepository.swift */ = {isa = PBXFileReference; lastKnownFileType = sourcecode.swift; path = UserProductDefaultRepository.swift; sourceTree = "<group>"; };
		CB4FF13A28991535008D78AC /* OnboardingViewModel.swift */ = {isa = PBXFileReference; lastKnownFileType = sourcecode.swift; path = OnboardingViewModel.swift; sourceTree = "<group>"; };
		CB4FF13C28991607008D78AC /* OnboardingItemView.swift */ = {isa = PBXFileReference; lastKnownFileType = sourcecode.swift; path = OnboardingItemView.swift; sourceTree = "<group>"; };
		CB4FF14028991983008D78AC /* String+ToMarkdown.swift */ = {isa = PBXFileReference; lastKnownFileType = sourcecode.swift; path = "String+ToMarkdown.swift"; sourceTree = "<group>"; };
		CB4FF14328992168008D78AC /* LoginView.swift */ = {isa = PBXFileReference; lastKnownFileType = sourcecode.swift; path = LoginView.swift; sourceTree = "<group>"; };
		CB4FF14628992762008D78AC /* BottomButtonView.swift */ = {isa = PBXFileReference; lastKnownFileType = sourcecode.swift; path = BottomButtonView.swift; sourceTree = "<group>"; };
		CB4FF14A28992C27008D78AC /* LoginViewModel.swift */ = {isa = PBXFileReference; lastKnownFileType = sourcecode.swift; path = LoginViewModel.swift; sourceTree = "<group>"; };
		CB8146BA289FED4F007FC63A /* QuizMainView.swift */ = {isa = PBXFileReference; lastKnownFileType = sourcecode.swift; path = QuizMainView.swift; sourceTree = "<group>"; };
		CB8146BC289FEE4C007FC63A /* QuizViewModel.swift */ = {isa = PBXFileReference; lastKnownFileType = sourcecode.swift; path = QuizViewModel.swift; sourceTree = "<group>"; };
		CB98FB682899538E00CDF771 /* ACNIFY.entitlements */ = {isa = PBXFileReference; lastKnownFileType = text.plist.entitlements; path = ACNIFY.entitlements; sourceTree = "<group>"; };
		CB98FB6A2899539600CDF771 /* CloudKit.framework */ = {isa = PBXFileReference; lastKnownFileType = wrapper.framework; name = CloudKit.framework; path = System/Library/Frameworks/CloudKit.framework; sourceTree = SDKROOT; };
		CBBFE871289FC8250064ADF5 /* AcneCare.xcdatamodel */ = {isa = PBXFileReference; lastKnownFileType = wrapper.xcdatamodel; path = AcneCare.xcdatamodel; sourceTree = "<group>"; };
		CBBFE876289FD5430064ADF5 /* QuizCardView.swift */ = {isa = PBXFileReference; lastKnownFileType = sourcecode.swift; path = QuizCardView.swift; sourceTree = "<group>"; };
/* End PBXFileReference section */

/* Begin PBXFrameworksBuildPhase section */
		9BB3780528634BA0007A3640 /* Frameworks */ = {
			isa = PBXFrameworksBuildPhase;
			buildActionMask = 2147483647;
			files = (
				CB98FB6B2899539600CDF771 /* CloudKit.framework in Frameworks */,
			);
			runOnlyForDeploymentPostprocessing = 0;
		};
		9BB3781528634BA2007A3640 /* Frameworks */ = {
			isa = PBXFrameworksBuildPhase;
			buildActionMask = 2147483647;
			files = (
			);
			runOnlyForDeploymentPostprocessing = 0;
		};
		9BB3781F28634BA2007A3640 /* Frameworks */ = {
			isa = PBXFrameworksBuildPhase;
			buildActionMask = 2147483647;
			files = (
			);
			runOnlyForDeploymentPostprocessing = 0;
		};
/* End PBXFrameworksBuildPhase section */

/* Begin PBXGroup section */
		9BB377FF28634BA0007A3640 = {
			isa = PBXGroup;
			children = (
				9BB3780A28634BA0007A3640 /* ACNIFY */,
				9BB3781B28634BA2007A3640 /* ACNIFYTests */,
				9BB3782528634BA2007A3640 /* ACNIFYUITests */,
				9BB3780928634BA0007A3640 /* Products */,
				CB98FB692899539600CDF771 /* Frameworks */,
			);
			sourceTree = "<group>";
		};
		9BB3780928634BA0007A3640 /* Products */ = {
			isa = PBXGroup;
			children = (
				9BB3780828634BA0007A3640 /* ACNIFY.app */,
				9BB3781828634BA2007A3640 /* ACNIFYTests.xctest */,
				9BB3782228634BA2007A3640 /* ACNIFYUITests.xctest */,
			);
			name = Products;
			sourceTree = "<group>";
		};
		9BB3780A28634BA0007A3640 /* ACNIFY */ = {
			isa = PBXGroup;
			children = (
				CB98FB682899538E00CDF771 /* ACNIFY.entitlements */,
				CB4FF14228992154008D78AC /* Login */,
				CB3DFE8428981889002EF675 /* SkinCareRoutine */,
				CB3DFE8228981774002EF675 /* Home */,
				CB3DFE8128981755002EF675 /* AcneJourney */,
				CB3DFE7F289816D9002EF675 /* QuizResult */,
				CB3DFE7D2898151E002EF675 /* Quiz */,
				CB3DFE7A28980F81002EF675 /* Onboarding */,
				CB3DFE7728980F3A002EF675 /* Common */,
				9B86CBE72868826700449BB4 /* Info.plist */,
				9BB3780B28634BA0007A3640 /* ACNIFYApp.swift */,
				9BB3780F28634BA2007A3640 /* Assets.xcassets */,
				9BB3781128634BA2007A3640 /* Preview Content */,
			);
			path = ACNIFY;
			sourceTree = "<group>";
		};
		9BB3781128634BA2007A3640 /* Preview Content */ = {
			isa = PBXGroup;
			children = (
				9BB3781228634BA2007A3640 /* Preview Assets.xcassets */,
			);
			path = "Preview Content";
			sourceTree = "<group>";
		};
		9BB3781B28634BA2007A3640 /* ACNIFYTests */ = {
			isa = PBXGroup;
			children = (
				9BB3781C28634BA2007A3640 /* ACNIFYTests.swift */,
			);
			path = ACNIFYTests;
			sourceTree = "<group>";
		};
		9BB3782528634BA2007A3640 /* ACNIFYUITests */ = {
			isa = PBXGroup;
			children = (
				9BB3782628634BA2007A3640 /* ACNIFYUITests.swift */,
				9BB3782828634BA2007A3640 /* ACNIFYUITestsLaunchTests.swift */,
			);
			path = ACNIFYUITests;
			sourceTree = "<group>";
		};
		CB19349228A3A0F9000DF7CE /* ViewModel */ = {
			isa = PBXGroup;
			children = (
				CB19349028A3A0F5000DF7CE /* HomeViewModel.swift */,
			);
			path = ViewModel;
			sourceTree = "<group>";
		};
		CB19349528A3CA06000DF7CE /* ViewModel */ = {
			isa = PBXGroup;
			children = (
				CB19349628A3CA1D000DF7CE /* QuizResultViewModel.swift */,
			);
			path = ViewModel;
			sourceTree = "<group>";
		};
		CB1934A628A545FE000DF7CE /* AcneLog */ = {
			isa = PBXGroup;
			children = (
				CB1934A728A54611000DF7CE /* Local */,
				CB4F383228A7BA0500D91F0B /* AcneLogRepository.swift */,
				CB4F383628A7BCCA00D91F0B /* AcneLogDefaultRepository.swift */,
			);
			path = AcneLog;
			sourceTree = "<group>";
		};
		CB1934A728A54611000DF7CE /* Local */ = {
			isa = PBXGroup;
			children = (
				CB1934A828A54629000DF7CE /* AcneLogLocalDataStore.swift */,
				CB46B6BE28A64430008A74A1 /* AcneLogDefaultLocalDatastore.swift */,
			);
			path = Local;
			sourceTree = "<group>";
		};
		CB1934AA28A55268000DF7CE /* UserProduct */ = {
			isa = PBXGroup;
			children = (
				CB1934AB28A55279000DF7CE /* Local */,
				CB4F383828A7C09100D91F0B /* UserProductRepository.swift */,
				CB4F383A28A7C31800D91F0B /* UserProductDefaultRepository.swift */,
			);
			path = UserProduct;
			sourceTree = "<group>";
		};
		CB1934AB28A55279000DF7CE /* Local */ = {
			isa = PBXGroup;
			children = (
				CB1934AC28A5528D000DF7CE /* UserProductLocalDataStore.swift */,
				CB4F383028A7B32E00D91F0B /* UserProductDefaultLocalDataStore.swift */,
			);
			path = Local;
			sourceTree = "<group>";
		};
		CB21589228A8ABEF006F2EB7 /* ViewModel */ = {
			isa = PBXGroup;
			children = (
				CB21589328A8AC0A006F2EB7 /* DailyCheckListViewModel.swift */,
			);
			path = ViewModel;
			sourceTree = "<group>";
		};
		CB3386FE28AA0E5B006B839B /* ViewModel */ = {
			isa = PBXGroup;
			children = (
				CB33870028AA0E7E006B839B /* TreatmentPhotoViewModel.swift */,
			);
			path = ViewModel;
			sourceTree = "<group>";
		};
		CB3386FF28AA0E63006B839B /* View */ = {
			isa = PBXGroup;
			children = (
				9B33ADE128ABC31300751F4A /* PhotoAndUpdateView.swift */,
				9A747F39286C92D300683171 /* PhotoPreviewView.swift */,
				9AC747CE2867DDFB001C91F8 /* TakePhotosView.swift */,
				9A747F41286C92FD00683171 /* HistorySheetView.swift */,
				9A747F43286C930700683171 /* HistoryView.swift */,
			);
			path = View;
			sourceTree = "<group>";
		};
		CB33870228AA1BEF006B839B /* AcneLogProduct */ = {
			isa = PBXGroup;
			children = (
				CB33870328AA1BFF006B839B /* Local */,
			);
			path = AcneLogProduct;
			sourceTree = "<group>";
		};
		CB33870328AA1BFF006B839B /* Local */ = {
			isa = PBXGroup;
			children = (
				CB33870428AA1C11006B839B /* AcneLogProductLocalDataSource.swift */,
				CB33870628AA1C4E006B839B /* AcneLogProductDefaultLocalDataSource.swift */,
			);
			path = Local;
			sourceTree = "<group>";
		};
		CB3D367328A2747D00D9D637 /* Model */ = {
			isa = PBXGroup;
			children = (
				CBBFE870289FC8250064ADF5 /* AcneCareDB.xcdatamodeld */,
				9A747F47286C933500683171 /* CoreDataNadia.xcdatamodeld */,
			);
			path = Model;
			sourceTree = "<group>";
		};
		CB3D367428A2748C00D9D637 /* SkinPersona */ = {
			isa = PBXGroup;
			children = (
				CB3D368B28A2836A00D9D637 /* Local */,
				CB3D367528A274C800D9D637 /* SkinPersonaRepository.swift */,
				CB3D369028A2881900D9D637 /* SkinPersonaDeafultRepository.swift */,
			);
			path = SkinPersona;
			sourceTree = "<group>";
		};
		CB3D367728A2765500D9D637 /* User */ = {
			isa = PBXGroup;
			children = (
				CB3D367828A2766300D9D637 /* Local */,
				CB3D368528A27BE700D9D637 /* UserRepository.swift */,
				CB19349328A3A1B0000DF7CE /* UserDefaultRepository.swift */,
			);
			path = User;
			sourceTree = "<group>";
		};
		CB3D367828A2766300D9D637 /* Local */ = {
			isa = PBXGroup;
			children = (
				CB3D367928A2767C00D9D637 /* UserLocalDataStore.swift */,
				CB3D367B28A2769200D9D637 /* UserDefaultLocalDataStore.swift */,
			);
			path = Local;
			sourceTree = "<group>";
		};
		CB3D367D28A2789300D9D637 /* Authentication */ = {
			isa = PBXGroup;
			children = (
				CB3D367E28A278A500D9D637 /* Local */,
				CB3D368728A27C4C00D9D637 /* AuthenticationRepository.swift */,
				CB3D368928A27C5D00D9D637 /* AuthenticationDefaultRepository.swift */,
			);
			path = Authentication;
			sourceTree = "<group>";
		};
		CB3D367E28A278A500D9D637 /* Local */ = {
			isa = PBXGroup;
			children = (
				CB3D367F28A278C200D9D637 /* AuthLocalDataStore.swift */,
				CB3D368128A278D600D9D637 /* AuthDefaultLocalDataStore.swift */,
			);
			path = Local;
			sourceTree = "<group>";
		};
		CB3D368B28A2836A00D9D637 /* Local */ = {
			isa = PBXGroup;
			children = (
				CB3D368C28A2839900D9D637 /* SkinPersonaLocalDataStore.swift */,
				CB3D368E28A284A700D9D637 /* SkinPersonaDefaultLocalDataSource.swift */,
			);
			path = Local;
			sourceTree = "<group>";
		};
		CB3DFE7728980F3A002EF675 /* Common */ = {
			isa = PBXGroup;
			children = (
				CBBFE873289FD5020064ADF5 /* UI */,
				CB4FF14528992756008D78AC /* Button */,
				CB4FF13E2899196B008D78AC /* Extension */,
				CB3DFE8E28981BBB002EF675 /* Location */,
				CB3DFE8D28981B41002EF675 /* PopUp */,
				CB3DFE8C28981AC7002EF675 /* Notification */,
				CB3DFE87289819FF002EF675 /* Data */,
			);
			path = Common;
			sourceTree = "<group>";
		};
		CB3DFE7A28980F81002EF675 /* Onboarding */ = {
			isa = PBXGroup;
			children = (
				CB4FF13928991521008D78AC /* ViewModel */,
				CB3DFE7B28980F9D002EF675 /* View */,
			);
			path = Onboarding;
			sourceTree = "<group>";
		};
		CB3DFE7B28980F9D002EF675 /* View */ = {
			isa = PBXGroup;
			children = (
				9BB3780D28634BA0007A3640 /* OnBoardingView.swift */,
				CB4FF13C28991607008D78AC /* OnboardingItemView.swift */,
			);
			path = View;
			sourceTree = "<group>";
		};
		CB3DFE7D2898151E002EF675 /* Quiz */ = {
			isa = PBXGroup;
			children = (
				CB8146B9289FED2A007FC63A /* ViewModel */,
				CB3DFE7E2898153C002EF675 /* View */,
			);
			path = Quiz;
			sourceTree = "<group>";
		};
		CB3DFE7E2898153C002EF675 /* View */ = {
			isa = PBXGroup;
			children = (
				9AF3DC362869C4A3007847E7 /* QuizAcneView.swift */,
				9BB4B4FC2866E2240069E86E /* QuizSkinView.swift */,
				CB8146BA289FED4F007FC63A /* QuizMainView.swift */,
			);
			path = View;
			sourceTree = "<group>";
		};
		CB3DFE7F289816D9002EF675 /* QuizResult */ = {
			isa = PBXGroup;
			children = (
				CB19349528A3CA06000DF7CE /* ViewModel */,
				CB3DFE80289816E9002EF675 /* View */,
			);
			path = QuizResult;
			sourceTree = "<group>";
		};
		CB3DFE80289816E9002EF675 /* View */ = {
			isa = PBXGroup;
			children = (
				9BB4B4FE2866F3470069E86E /* SkinResultView.swift */,
				9AF3DC382869C4E4007847E7 /* SkinCardView.swift */,
				9AF3DC3A2869C4EC007847E7 /* AcneCardView.swift */,
			);
			path = View;
			sourceTree = "<group>";
		};
		CB3DFE8128981755002EF675 /* AcneJourney */ = {
			isa = PBXGroup;
			children = (
				CB3386FE28AA0E5B006B839B /* ViewModel */,
				CB3386FF28AA0E63006B839B /* View */,
			);
			path = AcneJourney;
			sourceTree = "<group>";
		};
		CB3DFE8228981774002EF675 /* Home */ = {
			isa = PBXGroup;
			children = (
				CB19349228A3A0F9000DF7CE /* ViewModel */,
				CB3DFE8328981783002EF675 /* View */,
			);
			path = Home;
			sourceTree = "<group>";
		};
		CB3DFE8328981783002EF675 /* View */ = {
			isa = PBXGroup;
			children = (
				9AE804382865246B006493A9 /* MainPageView.swift */,
				9B4590B028AB6BDD0083B405 /* HomePageView.swift */,
			);
			path = View;
			sourceTree = "<group>";
		};
		CB3DFE8428981889002EF675 /* SkinCareRoutine */ = {
			isa = PBXGroup;
			children = (
				CB21589228A8ABEF006F2EB7 /* ViewModel */,
				CB3DFE852898189D002EF675 /* View */,
			);
			path = SkinCareRoutine;
			sourceTree = "<group>";
		};
		CB3DFE852898189D002EF675 /* View */ = {
			isa = PBXGroup;
			children = (
				9AF3DC402869C53F007847E7 /* MorningProductView.swift */,
				9AF3DC432869C563007847E7 /* NightProductsView.swift */,
				9AF3DC472869C576007847E7 /* PopUpMorningView.swift */,
				9A747F3D286C92EA00683171 /* PopUpNightView.swift */,
				9AE8043C2867724D006493A9 /* TesterPickerView.swift */,
			);
			path = View;
			sourceTree = "<group>";
		};
		CB3DFE87289819FF002EF675 /* Data */ = {
			isa = PBXGroup;
			children = (
				CB33870228AA1BEF006B839B /* AcneLogProduct */,
				CB1934AA28A55268000DF7CE /* UserProduct */,
				CB1934A628A545FE000DF7CE /* AcneLog */,
				CB3D367D28A2789300D9D637 /* Authentication */,
				CB3D367728A2765500D9D637 /* User */,
				CB3D367428A2748C00D9D637 /* SkinPersona */,
				CB3DFE8828981A09002EF675 /* CoreData */,
			);
			path = Data;
			sourceTree = "<group>";
		};
		CB3DFE8828981A09002EF675 /* CoreData */ = {
			isa = PBXGroup;
			children = (
				CB3D367328A2747D00D9D637 /* Model */,
				CB3DFE8A28981A48002EF675 /* PersistanceController.swift */,
			);
			path = CoreData;
			sourceTree = "<group>";
		};
		CB3DFE8C28981AC7002EF675 /* Notification */ = {
			isa = PBXGroup;
			children = (
				9AF3DC452869C56D007847E7 /* LocalNotifManager.swift */,
				9AF3DC492869C588007847E7 /* LocalNotifManager2.swift */,
			);
			path = Notification;
			sourceTree = "<group>";
		};
		CB3DFE8D28981B41002EF675 /* PopUp */ = {
			isa = PBXGroup;
			children = (
				9B86CBE128680B1700449BB4 /* CustomPopUp.swift */,
				9B86CBE82868A9C600449BB4 /* PopUpModel.swift */,
			);
			path = PopUp;
			sourceTree = "<group>";
		};
		CB3DFE8E28981BBB002EF675 /* Location */ = {
			isa = PBXGroup;
			children = (
				9A747F33286C92A700683171 /* LocationManager.swift */,
			);
			path = Location;
			sourceTree = "<group>";
		};
		CB4FF13928991521008D78AC /* ViewModel */ = {
			isa = PBXGroup;
			children = (
				CB4FF13A28991535008D78AC /* OnboardingViewModel.swift */,
			);
			path = ViewModel;
			sourceTree = "<group>";
		};
		CB4FF13E2899196B008D78AC /* Extension */ = {
			isa = PBXGroup;
			children = (
				CB4FF13F28991972008D78AC /* Foundation */,
			);
			path = Extension;
			sourceTree = "<group>";
		};
		CB4FF13F28991972008D78AC /* Foundation */ = {
			isa = PBXGroup;
			children = (
				CB4FF14028991983008D78AC /* String+ToMarkdown.swift */,
			);
			path = Foundation;
			sourceTree = "<group>";
		};
		CB4FF14228992154008D78AC /* Login */ = {
			isa = PBXGroup;
			children = (
				CB4FF14928992B86008D78AC /* ViewModel */,
				CB4FF14828992B7F008D78AC /* View */,
			);
			path = Login;
			sourceTree = "<group>";
		};
		CB4FF14528992756008D78AC /* Button */ = {
			isa = PBXGroup;
			children = (
				CB4FF14628992762008D78AC /* BottomButtonView.swift */,
			);
			path = Button;
			sourceTree = "<group>";
		};
		CB4FF14828992B7F008D78AC /* View */ = {
			isa = PBXGroup;
			children = (
				CB4FF14328992168008D78AC /* LoginView.swift */,
			);
			path = View;
			sourceTree = "<group>";
		};
		CB4FF14928992B86008D78AC /* ViewModel */ = {
			isa = PBXGroup;
			children = (
				CB4FF14A28992C27008D78AC /* LoginViewModel.swift */,
			);
			path = ViewModel;
			sourceTree = "<group>";
		};
		CB8146B9289FED2A007FC63A /* ViewModel */ = {
			isa = PBXGroup;
			children = (
				CB8146BC289FEE4C007FC63A /* QuizViewModel.swift */,
			);
			path = ViewModel;
			sourceTree = "<group>";
		};
		CB98FB692899539600CDF771 /* Frameworks */ = {
			isa = PBXGroup;
			children = (
				CB98FB6A2899539600CDF771 /* CloudKit.framework */,
			);
			name = Frameworks;
			sourceTree = "<group>";
		};
		CBBFE873289FD5020064ADF5 /* UI */ = {
			isa = PBXGroup;
			children = (
				CBBFE874289FD50D0064ADF5 /* Views */,
			);
			path = UI;
			sourceTree = "<group>";
		};
		CBBFE874289FD50D0064ADF5 /* Views */ = {
			isa = PBXGroup;
			children = (
				CBBFE875289FD5240064ADF5 /* Quiz */,
			);
			path = Views;
			sourceTree = "<group>";
		};
		CBBFE875289FD5240064ADF5 /* Quiz */ = {
			isa = PBXGroup;
			children = (
				CBBFE876289FD5430064ADF5 /* QuizCardView.swift */,
			);
			path = Quiz;
			sourceTree = "<group>";
		};
/* End PBXGroup section */

/* Begin PBXNativeTarget section */
		9BB3780728634BA0007A3640 /* ACNIFY */ = {
			isa = PBXNativeTarget;
			buildConfigurationList = 9BB3782C28634BA2007A3640 /* Build configuration list for PBXNativeTarget "ACNIFY" */;
			buildPhases = (
				9BB3780428634BA0007A3640 /* Sources */,
				9BB3780528634BA0007A3640 /* Frameworks */,
				9BB3780628634BA0007A3640 /* Resources */,
			);
			buildRules = (
			);
			dependencies = (
			);
			name = ACNIFY;
			productName = ACNIFY;
			productReference = 9BB3780828634BA0007A3640 /* ACNIFY.app */;
			productType = "com.apple.product-type.application";
		};
		9BB3781728634BA2007A3640 /* ACNIFYTests */ = {
			isa = PBXNativeTarget;
			buildConfigurationList = 9BB3782F28634BA2007A3640 /* Build configuration list for PBXNativeTarget "ACNIFYTests" */;
			buildPhases = (
				9BB3781428634BA2007A3640 /* Sources */,
				9BB3781528634BA2007A3640 /* Frameworks */,
				9BB3781628634BA2007A3640 /* Resources */,
			);
			buildRules = (
			);
			dependencies = (
				9BB3781A28634BA2007A3640 /* PBXTargetDependency */,
			);
			name = ACNIFYTests;
			productName = ACNIFYTests;
			productReference = 9BB3781828634BA2007A3640 /* ACNIFYTests.xctest */;
			productType = "com.apple.product-type.bundle.unit-test";
		};
		9BB3782128634BA2007A3640 /* ACNIFYUITests */ = {
			isa = PBXNativeTarget;
			buildConfigurationList = 9BB3783228634BA2007A3640 /* Build configuration list for PBXNativeTarget "ACNIFYUITests" */;
			buildPhases = (
				9BB3781E28634BA2007A3640 /* Sources */,
				9BB3781F28634BA2007A3640 /* Frameworks */,
				9BB3782028634BA2007A3640 /* Resources */,
			);
			buildRules = (
			);
			dependencies = (
				9BB3782428634BA2007A3640 /* PBXTargetDependency */,
			);
			name = ACNIFYUITests;
			productName = ACNIFYUITests;
			productReference = 9BB3782228634BA2007A3640 /* ACNIFYUITests.xctest */;
			productType = "com.apple.product-type.bundle.ui-testing";
		};
/* End PBXNativeTarget section */

/* Begin PBXProject section */
		9BB3780028634BA0007A3640 /* Project object */ = {
			isa = PBXProject;
			attributes = {
				BuildIndependentTargetsInParallel = 1;
				LastSwiftUpdateCheck = 1340;
				LastUpgradeCheck = 1340;
				TargetAttributes = {
					9BB3780728634BA0007A3640 = {
						CreatedOnToolsVersion = 13.4.1;
					};
					9BB3781728634BA2007A3640 = {
						CreatedOnToolsVersion = 13.4.1;
						TestTargetID = 9BB3780728634BA0007A3640;
					};
					9BB3782128634BA2007A3640 = {
						CreatedOnToolsVersion = 13.4.1;
						TestTargetID = 9BB3780728634BA0007A3640;
					};
				};
			};
			buildConfigurationList = 9BB3780328634BA0007A3640 /* Build configuration list for PBXProject "ACNIFY" */;
			compatibilityVersion = "Xcode 13.0";
			developmentRegion = en;
			hasScannedForEncodings = 0;
			knownRegions = (
				en,
				Base,
			);
			mainGroup = 9BB377FF28634BA0007A3640;
			productRefGroup = 9BB3780928634BA0007A3640 /* Products */;
			projectDirPath = "";
			projectRoot = "";
			targets = (
				9BB3780728634BA0007A3640 /* ACNIFY */,
				9BB3781728634BA2007A3640 /* ACNIFYTests */,
				9BB3782128634BA2007A3640 /* ACNIFYUITests */,
			);
		};
/* End PBXProject section */

/* Begin PBXResourcesBuildPhase section */
		9BB3780628634BA0007A3640 /* Resources */ = {
			isa = PBXResourcesBuildPhase;
			buildActionMask = 2147483647;
			files = (
				9BB3781328634BA2007A3640 /* Preview Assets.xcassets in Resources */,
				9BB3781028634BA2007A3640 /* Assets.xcassets in Resources */,
			);
			runOnlyForDeploymentPostprocessing = 0;
		};
		9BB3781628634BA2007A3640 /* Resources */ = {
			isa = PBXResourcesBuildPhase;
			buildActionMask = 2147483647;
			files = (
			);
			runOnlyForDeploymentPostprocessing = 0;
		};
		9BB3782028634BA2007A3640 /* Resources */ = {
			isa = PBXResourcesBuildPhase;
			buildActionMask = 2147483647;
			files = (
			);
			runOnlyForDeploymentPostprocessing = 0;
		};
/* End PBXResourcesBuildPhase section */

/* Begin PBXSourcesBuildPhase section */
		9BB3780428634BA0007A3640 /* Sources */ = {
			isa = PBXSourcesBuildPhase;
			buildActionMask = 2147483647;
			files = (
				9B33ADE228ABC31300751F4A /* PhotoAndUpdateView.swift in Sources */,
				9BB3780E28634BA0007A3640 /* OnBoardingView.swift in Sources */,
				9A747F3E286C92EA00683171 /* PopUpNightView.swift in Sources */,
				9AF3DC482869C576007847E7 /* PopUpMorningView.swift in Sources */,
				CB8146BD289FEE4C007FC63A /* QuizViewModel.swift in Sources */,
				9B4590B128AB6BDD0083B405 /* HomePageView.swift in Sources */,
				9A747F44286C930700683171 /* HistoryView.swift in Sources */,
				CB3D368A28A27C5D00D9D637 /* AuthenticationDefaultRepository.swift in Sources */,
				CB19349428A3A1B0000DF7CE /* UserDefaultRepository.swift in Sources */,
				CBBFE872289FC8250064ADF5 /* AcneCareDB.xcdatamodeld in Sources */,
				CB1934AD28A5528D000DF7CE /* UserProductLocalDataStore.swift in Sources */,
				9A747F3A286C92D300683171 /* PhotoPreviewView.swift in Sources */,
				CB33870728AA1C4E006B839B /* AcneLogProductDefaultLocalDataSource.swift in Sources */,
				CB3D368D28A2839900D9D637 /* SkinPersonaLocalDataStore.swift in Sources */,
				9B86CBE92868A9C600449BB4 /* PopUpModel.swift in Sources */,
				9AF3DC442869C563007847E7 /* NightProductsView.swift in Sources */,
				CB4FF13B28991535008D78AC /* OnboardingViewModel.swift in Sources */,
				CB3D368F28A284A700D9D637 /* SkinPersonaDefaultLocalDataSource.swift in Sources */,
				CB4FF13D28991607008D78AC /* OnboardingItemView.swift in Sources */,
				CB19349728A3CA1D000DF7CE /* QuizResultViewModel.swift in Sources */,
				CB4F383128A7B32E00D91F0B /* UserProductDefaultLocalDataStore.swift in Sources */,
				CB46B6BF28A64430008A74A1 /* AcneLogDefaultLocalDatastore.swift in Sources */,
				9A747F49286C933500683171 /* CoreDataNadia.xcdatamodeld in Sources */,
				9AF3DC412869C53F007847E7 /* MorningProductView.swift in Sources */,
				9BB4B4FF2866F3470069E86E /* SkinResultView.swift in Sources */,
				CB3D368228A278D600D9D637 /* AuthDefaultLocalDataStore.swift in Sources */,
				CB19349128A3A0F5000DF7CE /* HomeViewModel.swift in Sources */,
				9AF3DC372869C4A3007847E7 /* QuizAcneView.swift in Sources */,
				CB4FF14128991983008D78AC /* String+ToMarkdown.swift in Sources */,
				9AF3DC392869C4E5007847E7 /* SkinCardView.swift in Sources */,
				CB21589428A8AC0A006F2EB7 /* DailyCheckListViewModel.swift in Sources */,
				CB8146BB289FED4F007FC63A /* QuizMainView.swift in Sources */,
				CB33870528AA1C11006B839B /* AcneLogProductLocalDataSource.swift in Sources */,
				9BB3780C28634BA0007A3640 /* ACNIFYApp.swift in Sources */,
				CB4FF14B28992C27008D78AC /* LoginViewModel.swift in Sources */,
				9AF3DC462869C56D007847E7 /* LocalNotifManager.swift in Sources */,
				CB4FF14428992168008D78AC /* LoginView.swift in Sources */,
				CB3DFE8B28981A48002EF675 /* PersistanceController.swift in Sources */,
				CB3D367628A274C800D9D637 /* SkinPersonaRepository.swift in Sources */,
				9A747F42286C92FD00683171 /* HistorySheetView.swift in Sources */,
				CB4FF14728992762008D78AC /* BottomButtonView.swift in Sources */,
				CB4F383B28A7C31800D91F0B /* UserProductDefaultRepository.swift in Sources */,
				CBBFE877289FD5430064ADF5 /* QuizCardView.swift in Sources */,
				CB4F383728A7BCCA00D91F0B /* AcneLogDefaultRepository.swift in Sources */,
				9BB4B4FD2866E2240069E86E /* QuizSkinView.swift in Sources */,
				CB33870128AA0E7E006B839B /* TreatmentPhotoViewModel.swift in Sources */,
				CB3D367A28A2767C00D9D637 /* UserLocalDataStore.swift in Sources */,
				CB3D368828A27C4C00D9D637 /* AuthenticationRepository.swift in Sources */,
				9B86CBE228680B1700449BB4 /* CustomPopUp.swift in Sources */,
				CB4F383928A7C09100D91F0B /* UserProductRepository.swift in Sources */,
				CB3D369128A2881900D9D637 /* SkinPersonaDeafultRepository.swift in Sources */,
				CB3D367C28A2769200D9D637 /* UserDefaultLocalDataStore.swift in Sources */,
				CB1934A928A54629000DF7CE /* AcneLogLocalDataStore.swift in Sources */,
				CB4F383328A7BA0500D91F0B /* AcneLogRepository.swift in Sources */,
				9A747F34286C92A700683171 /* LocationManager.swift in Sources */,
				9AE804392865246B006493A9 /* MainPageView.swift in Sources */,
				9AF3DC3B2869C4EC007847E7 /* AcneCardView.swift in Sources */,
				9AC747CF2867DDFB001C91F8 /* TakePhotosView.swift in Sources */,
				CB3D368628A27BE700D9D637 /* UserRepository.swift in Sources */,
				9AF3DC4A2869C588007847E7 /* LocalNotifManager2.swift in Sources */,
				9AE8043D2867724D006493A9 /* TesterPickerView.swift in Sources */,
				CB3D368028A278C200D9D637 /* AuthLocalDataStore.swift in Sources */,
			);
			runOnlyForDeploymentPostprocessing = 0;
		};
		9BB3781428634BA2007A3640 /* Sources */ = {
			isa = PBXSourcesBuildPhase;
			buildActionMask = 2147483647;
			files = (
				9BB3781D28634BA2007A3640 /* ACNIFYTests.swift in Sources */,
			);
			runOnlyForDeploymentPostprocessing = 0;
		};
		9BB3781E28634BA2007A3640 /* Sources */ = {
			isa = PBXSourcesBuildPhase;
			buildActionMask = 2147483647;
			files = (
				9BB3782928634BA2007A3640 /* ACNIFYUITestsLaunchTests.swift in Sources */,
				9BB3782728634BA2007A3640 /* ACNIFYUITests.swift in Sources */,
			);
			runOnlyForDeploymentPostprocessing = 0;
		};
/* End PBXSourcesBuildPhase section */

/* Begin PBXTargetDependency section */
		9BB3781A28634BA2007A3640 /* PBXTargetDependency */ = {
			isa = PBXTargetDependency;
			target = 9BB3780728634BA0007A3640 /* ACNIFY */;
			targetProxy = 9BB3781928634BA2007A3640 /* PBXContainerItemProxy */;
		};
		9BB3782428634BA2007A3640 /* PBXTargetDependency */ = {
			isa = PBXTargetDependency;
			target = 9BB3780728634BA0007A3640 /* ACNIFY */;
			targetProxy = 9BB3782328634BA2007A3640 /* PBXContainerItemProxy */;
		};
/* End PBXTargetDependency section */

/* Begin XCBuildConfiguration section */
		9BB3782A28634BA2007A3640 /* Debug */ = {
			isa = XCBuildConfiguration;
			buildSettings = {
				ALWAYS_SEARCH_USER_PATHS = NO;
				CLANG_ANALYZER_NONNULL = YES;
				CLANG_ANALYZER_NUMBER_OBJECT_CONVERSION = YES_AGGRESSIVE;
				CLANG_CXX_LANGUAGE_STANDARD = "gnu++17";
				CLANG_ENABLE_MODULES = YES;
				CLANG_ENABLE_OBJC_ARC = YES;
				CLANG_ENABLE_OBJC_WEAK = YES;
				CLANG_WARN_BLOCK_CAPTURE_AUTORELEASING = YES;
				CLANG_WARN_BOOL_CONVERSION = YES;
				CLANG_WARN_COMMA = YES;
				CLANG_WARN_CONSTANT_CONVERSION = YES;
				CLANG_WARN_DEPRECATED_OBJC_IMPLEMENTATIONS = YES;
				CLANG_WARN_DIRECT_OBJC_ISA_USAGE = YES_ERROR;
				CLANG_WARN_DOCUMENTATION_COMMENTS = YES;
				CLANG_WARN_EMPTY_BODY = YES;
				CLANG_WARN_ENUM_CONVERSION = YES;
				CLANG_WARN_INFINITE_RECURSION = YES;
				CLANG_WARN_INT_CONVERSION = YES;
				CLANG_WARN_NON_LITERAL_NULL_CONVERSION = YES;
				CLANG_WARN_OBJC_IMPLICIT_RETAIN_SELF = YES;
				CLANG_WARN_OBJC_LITERAL_CONVERSION = YES;
				CLANG_WARN_OBJC_ROOT_CLASS = YES_ERROR;
				CLANG_WARN_QUOTED_INCLUDE_IN_FRAMEWORK_HEADER = YES;
				CLANG_WARN_RANGE_LOOP_ANALYSIS = YES;
				CLANG_WARN_STRICT_PROTOTYPES = YES;
				CLANG_WARN_SUSPICIOUS_MOVE = YES;
				CLANG_WARN_UNGUARDED_AVAILABILITY = YES_AGGRESSIVE;
				CLANG_WARN_UNREACHABLE_CODE = YES;
				CLANG_WARN__DUPLICATE_METHOD_MATCH = YES;
				COPY_PHASE_STRIP = NO;
				DEBUG_INFORMATION_FORMAT = dwarf;
				ENABLE_STRICT_OBJC_MSGSEND = YES;
				ENABLE_TESTABILITY = YES;
				GCC_C_LANGUAGE_STANDARD = gnu11;
				GCC_DYNAMIC_NO_PIC = NO;
				GCC_NO_COMMON_BLOCKS = YES;
				GCC_OPTIMIZATION_LEVEL = 0;
				GCC_PREPROCESSOR_DEFINITIONS = (
					"DEBUG=1",
					"$(inherited)",
				);
				GCC_WARN_64_TO_32_BIT_CONVERSION = YES;
				GCC_WARN_ABOUT_RETURN_TYPE = YES_ERROR;
				GCC_WARN_UNDECLARED_SELECTOR = YES;
				GCC_WARN_UNINITIALIZED_AUTOS = YES_AGGRESSIVE;
				GCC_WARN_UNUSED_FUNCTION = YES;
				GCC_WARN_UNUSED_VARIABLE = YES;
				IPHONEOS_DEPLOYMENT_TARGET = 15.5;
				MTL_ENABLE_DEBUG_INFO = INCLUDE_SOURCE;
				MTL_FAST_MATH = YES;
				ONLY_ACTIVE_ARCH = YES;
				SDKROOT = iphoneos;
				SWIFT_ACTIVE_COMPILATION_CONDITIONS = DEBUG;
				SWIFT_OPTIMIZATION_LEVEL = "-Onone";
			};
			name = Debug;
		};
		9BB3782B28634BA2007A3640 /* Release */ = {
			isa = XCBuildConfiguration;
			buildSettings = {
				ALWAYS_SEARCH_USER_PATHS = NO;
				CLANG_ANALYZER_NONNULL = YES;
				CLANG_ANALYZER_NUMBER_OBJECT_CONVERSION = YES_AGGRESSIVE;
				CLANG_CXX_LANGUAGE_STANDARD = "gnu++17";
				CLANG_ENABLE_MODULES = YES;
				CLANG_ENABLE_OBJC_ARC = YES;
				CLANG_ENABLE_OBJC_WEAK = YES;
				CLANG_WARN_BLOCK_CAPTURE_AUTORELEASING = YES;
				CLANG_WARN_BOOL_CONVERSION = YES;
				CLANG_WARN_COMMA = YES;
				CLANG_WARN_CONSTANT_CONVERSION = YES;
				CLANG_WARN_DEPRECATED_OBJC_IMPLEMENTATIONS = YES;
				CLANG_WARN_DIRECT_OBJC_ISA_USAGE = YES_ERROR;
				CLANG_WARN_DOCUMENTATION_COMMENTS = YES;
				CLANG_WARN_EMPTY_BODY = YES;
				CLANG_WARN_ENUM_CONVERSION = YES;
				CLANG_WARN_INFINITE_RECURSION = YES;
				CLANG_WARN_INT_CONVERSION = YES;
				CLANG_WARN_NON_LITERAL_NULL_CONVERSION = YES;
				CLANG_WARN_OBJC_IMPLICIT_RETAIN_SELF = YES;
				CLANG_WARN_OBJC_LITERAL_CONVERSION = YES;
				CLANG_WARN_OBJC_ROOT_CLASS = YES_ERROR;
				CLANG_WARN_QUOTED_INCLUDE_IN_FRAMEWORK_HEADER = YES;
				CLANG_WARN_RANGE_LOOP_ANALYSIS = YES;
				CLANG_WARN_STRICT_PROTOTYPES = YES;
				CLANG_WARN_SUSPICIOUS_MOVE = YES;
				CLANG_WARN_UNGUARDED_AVAILABILITY = YES_AGGRESSIVE;
				CLANG_WARN_UNREACHABLE_CODE = YES;
				CLANG_WARN__DUPLICATE_METHOD_MATCH = YES;
				COPY_PHASE_STRIP = NO;
				DEBUG_INFORMATION_FORMAT = "dwarf-with-dsym";
				ENABLE_NS_ASSERTIONS = NO;
				ENABLE_STRICT_OBJC_MSGSEND = YES;
				GCC_C_LANGUAGE_STANDARD = gnu11;
				GCC_NO_COMMON_BLOCKS = YES;
				GCC_WARN_64_TO_32_BIT_CONVERSION = YES;
				GCC_WARN_ABOUT_RETURN_TYPE = YES_ERROR;
				GCC_WARN_UNDECLARED_SELECTOR = YES;
				GCC_WARN_UNINITIALIZED_AUTOS = YES_AGGRESSIVE;
				GCC_WARN_UNUSED_FUNCTION = YES;
				GCC_WARN_UNUSED_VARIABLE = YES;
				IPHONEOS_DEPLOYMENT_TARGET = 15.5;
				MTL_ENABLE_DEBUG_INFO = NO;
				MTL_FAST_MATH = YES;
				SDKROOT = iphoneos;
				SWIFT_COMPILATION_MODE = wholemodule;
				SWIFT_OPTIMIZATION_LEVEL = "-O";
				VALIDATE_PRODUCT = YES;
			};
			name = Release;
		};
		9BB3782D28634BA2007A3640 /* Debug */ = {
			isa = XCBuildConfiguration;
			buildSettings = {
				ASSETCATALOG_COMPILER_APPICON_NAME = AppIcon;
				ASSETCATALOG_COMPILER_GLOBAL_ACCENT_COLOR_NAME = AccentColor;
				CODE_SIGN_ENTITLEMENTS = ACNIFY/ACNIFY.entitlements;
				CODE_SIGN_STYLE = Automatic;
				CURRENT_PROJECT_VERSION = 1;
				DEVELOPMENT_ASSET_PATHS = "\"ACNIFY/Preview Content\"";
				DEVELOPMENT_TEAM = 89TMJ964L4;
				ENABLE_PREVIEWS = YES;
				GENERATE_INFOPLIST_FILE = YES;
				INFOPLIST_FILE = ACNIFY/Info.plist;
				INFOPLIST_KEY_NSCameraUsageDescription = "Camera Usage";
				INFOPLIST_KEY_NSPhotoLibraryUsageDescription = "Photo Library";
				INFOPLIST_KEY_UIApplicationSceneManifest_Generation = YES;
				INFOPLIST_KEY_UIApplicationSupportsIndirectInputEvents = YES;
				INFOPLIST_KEY_UISupportedInterfaceOrientations_iPad = "UIInterfaceOrientationPortrait UIInterfaceOrientationPortraitUpsideDown UIInterfaceOrientationLandscapeLeft UIInterfaceOrientationLandscapeRight";
				INFOPLIST_KEY_UISupportedInterfaceOrientations_iPhone = "UIInterfaceOrientationPortrait UIInterfaceOrientationLandscapeLeft UIInterfaceOrientationLandscapeRight";
				LD_RUNPATH_SEARCH_PATHS = (
					"$(inherited)",
					"@executable_path/Frameworks",
				);
				MARKETING_VERSION = 1.0;
				PRODUCT_BUNDLE_IDENTIFIER = com.agusart.acnecare;
				PRODUCT_NAME = "$(TARGET_NAME)";
				SWIFT_EMIT_LOC_STRINGS = YES;
				SWIFT_VERSION = 5.0;
				TARGETED_DEVICE_FAMILY = "1,2";
			};
			name = Debug;
		};
		9BB3782E28634BA2007A3640 /* Release */ = {
			isa = XCBuildConfiguration;
			buildSettings = {
				ASSETCATALOG_COMPILER_APPICON_NAME = AppIcon;
				ASSETCATALOG_COMPILER_GLOBAL_ACCENT_COLOR_NAME = AccentColor;
				CODE_SIGN_ENTITLEMENTS = ACNIFY/ACNIFY.entitlements;
				CODE_SIGN_STYLE = Automatic;
				CURRENT_PROJECT_VERSION = 1;
				DEVELOPMENT_ASSET_PATHS = "\"ACNIFY/Preview Content\"";
				DEVELOPMENT_TEAM = 89TMJ964L4;
				ENABLE_PREVIEWS = YES;
				GENERATE_INFOPLIST_FILE = YES;
				INFOPLIST_FILE = ACNIFY/Info.plist;
				INFOPLIST_KEY_NSCameraUsageDescription = "Camera Usage";
				INFOPLIST_KEY_NSPhotoLibraryUsageDescription = "Photo Library";
				INFOPLIST_KEY_UIApplicationSceneManifest_Generation = YES;
				INFOPLIST_KEY_UIApplicationSupportsIndirectInputEvents = YES;
				INFOPLIST_KEY_UISupportedInterfaceOrientations_iPad = "UIInterfaceOrientationPortrait UIInterfaceOrientationPortraitUpsideDown UIInterfaceOrientationLandscapeLeft UIInterfaceOrientationLandscapeRight";
				INFOPLIST_KEY_UISupportedInterfaceOrientations_iPhone = "UIInterfaceOrientationPortrait UIInterfaceOrientationLandscapeLeft UIInterfaceOrientationLandscapeRight";
				LD_RUNPATH_SEARCH_PATHS = (
					"$(inherited)",
					"@executable_path/Frameworks",
				);
				MARKETING_VERSION = 1.0;
				PRODUCT_BUNDLE_IDENTIFIER = com.agusart.acnecare;
				PRODUCT_NAME = "$(TARGET_NAME)";
				SWIFT_EMIT_LOC_STRINGS = YES;
				SWIFT_VERSION = 5.0;
				TARGETED_DEVICE_FAMILY = "1,2";
			};
			name = Release;
		};
		9BB3783028634BA2007A3640 /* Debug */ = {
			isa = XCBuildConfiguration;
			buildSettings = {
				ALWAYS_EMBED_SWIFT_STANDARD_LIBRARIES = YES;
				BUNDLE_LOADER = "$(TEST_HOST)";
				CODE_SIGN_STYLE = Automatic;
				CURRENT_PROJECT_VERSION = 1;
				DEVELOPMENT_TEAM = DZ5KY3PP54;
				GENERATE_INFOPLIST_FILE = YES;
				IPHONEOS_DEPLOYMENT_TARGET = 15.5;
				MARKETING_VERSION = 1.0;
				PRODUCT_BUNDLE_IDENTIFIER = "-.ACNIFYTests";
				PRODUCT_NAME = "$(TARGET_NAME)";
				SWIFT_EMIT_LOC_STRINGS = NO;
				SWIFT_VERSION = 5.0;
				TARGETED_DEVICE_FAMILY = "1,2";
				TEST_HOST = "$(BUILT_PRODUCTS_DIR)/ACNIFY.app/ACNIFY";
			};
			name = Debug;
		};
		9BB3783128634BA2007A3640 /* Release */ = {
			isa = XCBuildConfiguration;
			buildSettings = {
				ALWAYS_EMBED_SWIFT_STANDARD_LIBRARIES = YES;
				BUNDLE_LOADER = "$(TEST_HOST)";
				CODE_SIGN_STYLE = Automatic;
				CURRENT_PROJECT_VERSION = 1;
				DEVELOPMENT_TEAM = DZ5KY3PP54;
				GENERATE_INFOPLIST_FILE = YES;
				IPHONEOS_DEPLOYMENT_TARGET = 15.5;
				MARKETING_VERSION = 1.0;
				PRODUCT_BUNDLE_IDENTIFIER = "-.ACNIFYTests";
				PRODUCT_NAME = "$(TARGET_NAME)";
				SWIFT_EMIT_LOC_STRINGS = NO;
				SWIFT_VERSION = 5.0;
				TARGETED_DEVICE_FAMILY = "1,2";
				TEST_HOST = "$(BUILT_PRODUCTS_DIR)/ACNIFY.app/ACNIFY";
			};
			name = Release;
		};
		9BB3783328634BA2007A3640 /* Debug */ = {
			isa = XCBuildConfiguration;
			buildSettings = {
				ALWAYS_EMBED_SWIFT_STANDARD_LIBRARIES = YES;
				CODE_SIGN_STYLE = Automatic;
				CURRENT_PROJECT_VERSION = 1;
				DEVELOPMENT_TEAM = DZ5KY3PP54;
				GENERATE_INFOPLIST_FILE = YES;
				MARKETING_VERSION = 1.0;
				PRODUCT_BUNDLE_IDENTIFIER = "-.ACNIFYUITests";
				PRODUCT_NAME = "$(TARGET_NAME)";
				SWIFT_EMIT_LOC_STRINGS = NO;
				SWIFT_VERSION = 5.0;
				TARGETED_DEVICE_FAMILY = "1,2";
				TEST_TARGET_NAME = ACNIFY;
			};
			name = Debug;
		};
		9BB3783428634BA2007A3640 /* Release */ = {
			isa = XCBuildConfiguration;
			buildSettings = {
				ALWAYS_EMBED_SWIFT_STANDARD_LIBRARIES = YES;
				CODE_SIGN_STYLE = Automatic;
				CURRENT_PROJECT_VERSION = 1;
				DEVELOPMENT_TEAM = DZ5KY3PP54;
				GENERATE_INFOPLIST_FILE = YES;
				MARKETING_VERSION = 1.0;
				PRODUCT_BUNDLE_IDENTIFIER = "-.ACNIFYUITests";
				PRODUCT_NAME = "$(TARGET_NAME)";
				SWIFT_EMIT_LOC_STRINGS = NO;
				SWIFT_VERSION = 5.0;
				TARGETED_DEVICE_FAMILY = "1,2";
				TEST_TARGET_NAME = ACNIFY;
			};
			name = Release;
		};
/* End XCBuildConfiguration section */

/* Begin XCConfigurationList section */
		9BB3780328634BA0007A3640 /* Build configuration list for PBXProject "ACNIFY" */ = {
			isa = XCConfigurationList;
			buildConfigurations = (
				9BB3782A28634BA2007A3640 /* Debug */,
				9BB3782B28634BA2007A3640 /* Release */,
			);
			defaultConfigurationIsVisible = 0;
			defaultConfigurationName = Release;
		};
		9BB3782C28634BA2007A3640 /* Build configuration list for PBXNativeTarget "ACNIFY" */ = {
			isa = XCConfigurationList;
			buildConfigurations = (
				9BB3782D28634BA2007A3640 /* Debug */,
				9BB3782E28634BA2007A3640 /* Release */,
			);
			defaultConfigurationIsVisible = 0;
			defaultConfigurationName = Release;
		};
		9BB3782F28634BA2007A3640 /* Build configuration list for PBXNativeTarget "ACNIFYTests" */ = {
			isa = XCConfigurationList;
			buildConfigurations = (
				9BB3783028634BA2007A3640 /* Debug */,
				9BB3783128634BA2007A3640 /* Release */,
			);
			defaultConfigurationIsVisible = 0;
			defaultConfigurationName = Release;
		};
		9BB3783228634BA2007A3640 /* Build configuration list for PBXNativeTarget "ACNIFYUITests" */ = {
			isa = XCConfigurationList;
			buildConfigurations = (
				9BB3783328634BA2007A3640 /* Debug */,
				9BB3783428634BA2007A3640 /* Release */,
			);
			defaultConfigurationIsVisible = 0;
			defaultConfigurationName = Release;
		};
/* End XCConfigurationList section */

/* Begin XCVersionGroup section */
		9A747F47286C933500683171 /* CoreDataNadia.xcdatamodeld */ = {
			isa = XCVersionGroup;
			children = (
				9A747F48286C933500683171 /* CoreDataNadia.xcdatamodel */,
			);
			currentVersion = 9A747F48286C933500683171 /* CoreDataNadia.xcdatamodel */;
			path = CoreDataNadia.xcdatamodeld;
			sourceTree = "<group>";
			versionGroupType = wrapper.xcdatamodel;
		};
		CBBFE870289FC8250064ADF5 /* AcneCareDB.xcdatamodeld */ = {
			isa = XCVersionGroup;
			children = (
				CBBFE871289FC8250064ADF5 /* AcneCare.xcdatamodel */,
			);
			currentVersion = CBBFE871289FC8250064ADF5 /* AcneCare.xcdatamodel */;
			path = AcneCareDB.xcdatamodeld;
			sourceTree = "<group>";
			versionGroupType = wrapper.xcdatamodel;
		};
/* End XCVersionGroup section */
	};
	rootObject = 9BB3780028634BA0007A3640 /* Project object */;
}
